{
	"name": "@wordpress/browserslist-config",
	"version": "2.0.0",
	"lockfileVersion": 1,
	"requires": true,
	"dependencies": {
		"browserslist": {
			"version": "3.1.0",
			"resolved": "https://registry.npmjs.org/browserslist/-/browserslist-3.1.0.tgz",
			"integrity": "sha512-pyoJs5teqQWTdwOTG7F5IDKi7hMvifd9ri3EYLG2ElXlA2AwvqB1SZ6RIPMRHpmYb0RYN8N7GSERey5WgxSCUQ==",
			"dev": true,
			"requires": {
				"caniuse-lite": "1.0.30000808",
				"electron-to-chromium": "1.3.33"
			}
		},
		"caniuse-lite": {
			"version": "1.0.30000808",
			"resolved": "https://registry.npmjs.org/caniuse-lite/-/caniuse-lite-1.0.30000808.tgz",
			"integrity": "sha512-vT0JLmHdvq1UVbYXioxCXHYdNw55tyvi+IUWyX0Zeh1OFQi2IllYtm38IJnSgHWCv/zUnX1hdhy3vMJvuTNSqw==",
			"dev": true
		},
		"electron-to-chromium": {
			"version": "1.3.33",
			"resolved": "https://registry.npmjs.org/electron-to-chromium/-/electron-to-chromium-1.3.33.tgz",
			"integrity": "sha1-vwBwPWKnxlI4E2V4w1LWxcBCpUU=",
			"dev": true
		}
	}
}
