{
	"name": "@wordpress/browserslist-config",
	"version": "2.0.0",
	"lockfileVersion": 1,
	"requires": true,
	"dependencies": {
		"browserslist": {
			"version": "2.11.3",
			"resolved": "https://registry.npmjs.org/browserslist/-/browserslist-2.11.3.tgz",
			"integrity": "sha512-yWu5cXT7Av6mVwzWc8lMsJMHWn4xyjSuGYi4IozbVTLUOEYPSagUB8kiMDUHA1fS3zjr8nkxkn9jdvug4BBRmA==",
			"dev": true,
			"requires": {
				"caniuse-lite": "1.0.30000792",
				"electron-to-chromium": "1.3.31"
			}
		},
		"caniuse-lite": {
			"version": "1.0.30000792",
			"resolved": "https://registry.npmjs.org/caniuse-lite/-/caniuse-lite-1.0.30000792.tgz",
			"integrity": "sha1-0M6pgfgRjzlhRxr7tDyaHlu/AzI=",
			"dev": true
		},
		"electron-to-chromium": {
			"version": "1.3.31",
			"resolved": "https://registry.npmjs.org/electron-to-chromium/-/electron-to-chromium-1.3.31.tgz",
			"integrity": "sha512-XE4CLbswkZgZFn34cKFy1xaX+F5LHxeDLjY1+rsK9asDzknhbrd9g/n/01/acbU25KTsUSiLKwvlLyA+6XLUOA==",
			"dev": true
		}
	}
}
