{
  "name": "@wordpress/a11y",
  "version": "0.1.0-beta.1",
  "lockfileVersion": 1,
  "requires": true,
  "dependencies": {
    "@wordpress/dom-ready": {
      "version": "0.1.0-beta.1",
      "resolved": "https://registry.npmjs.org/@wordpress/dom-ready/-/dom-ready-0.1.0-beta.1.tgz",
      "integrity": "sha512-PatjEn3GbOVLQPG3K0p7aLR6A0ggCfWa2AUK+T9t6J1oPLa3d8Kt39h/zkfd7hyn9FV7DItMk4ud8VmDthHcvA=="
    }
  }
}
