{
	"name": "@wordpress/a11y",
	"version": "1.0.3",
	"lockfileVersion": 1,
	"requires": true,
	"dependencies": {
		"@wordpress/dom-ready": {
			"version": "1.0.0",
			"resolved": "https://registry.npmjs.org/@wordpress/dom-ready/-/dom-ready-1.0.0.tgz",
			"integrity": "sha512-Yhbhxdza62st7ARxnuLA2+lsryw7wg0EZau2ek5EW54CLYRFTV+OU9KTI4W/JdqUSdYceeg0vWIgi5yVZYiD3A=="
		}
	}
}
