{
	"name": "@wordpress/create-styles",
	"version": "0.0.1",
	"lockfileVersion": 1,
	"requires": true,
	"dependencies": {
		"hoist-non-react-statics": {
			"version": "3.3.2",
			"resolved": "https://registry.npmjs.org/hoist-non-react-statics/-/hoist-non-react-statics-3.3.2.tgz",
			"integrity": "sha512-/gGivxi8JPKWNm/W0jSmzcMPpfpPLc3dY/6GxhX2hQ9iGj3aDfklV4ET7NjKpSinLpJ5vafa9iiGIEZg10SfBw==",
			"requires": {
				"react-is": "^16.7.0"
			}
		},
		"memize": {
			"version": "1.1.0",
			"resolved": "https://registry.npmjs.org/memize/-/memize-1.1.0.tgz",
			"integrity": "sha512-K4FcPETOMTwe7KL2LK0orMhpOmWD2wRGwWWpbZy0fyArwsyIKR8YJVz8+efBAh3BO4zPqlSICu4vsLTRRqtFAg=="
		},
		"mitt": {
			"version": "2.1.0",
			"resolved": "https://registry.npmjs.org/mitt/-/mitt-2.1.0.tgz",
			"integrity": "sha512-ILj2TpLiysu2wkBbWjAmww7TkZb65aiQO+DkVdUTBpBXq+MHYiETENkKFMtsJZX1Lf4pe4QOrTSjIfUwN5lRdg=="
		},
		"react-is": {
			"version": "16.13.1",
			"resolved": "https://registry.npmjs.org/react-is/-/react-is-16.13.1.tgz",
			"integrity": "sha512-24e6ynE2H+OKt4kqsOvNd8kBpV65zoxbA4BVsEOB3ARVWQki/DHzaUoC5KuON/BiccDaCCTZBuOcfZs70kR8bQ=="
		},
		"react-merge-refs": {
			"version": "1.1.0",
			"resolved": "https://registry.npmjs.org/react-merge-refs/-/react-merge-refs-1.1.0.tgz",
			"integrity": "sha512-alTKsjEL0dKH/ru1Iyn7vliS2QRcBp9zZPGoWxUOvRGWPUYgjo+V01is7p04It6KhgrzhJGnIj9GgX8W4bZoCQ=="
		},
		"reakit-utils": {
			"version": "0.15.0",
			"resolved": "https://registry.npmjs.org/reakit-utils/-/reakit-utils-0.15.0.tgz",
			"integrity": "sha512-c9HWaT9XU8KQWj+dhUG01WD+D4EK5bQHq+wVwRUuTXau0e49i4udNxo/t/4M3lXeOS+WfgJ8aC00/0imgzPLTw==",
			"dev": true
		},
		"zustand": {
			"version": "3.3.0",
			"resolved": "https://registry.npmjs.org/zustand/-/zustand-3.3.0.tgz",
			"integrity": "sha512-oTOoJa70tYisd+fRmoIjZKlF21JEmGQ8oC+dJ7pf/wdS4qJPcCS/W9blzKAnyyLMrIYsIl6Mlq5cmili7mpJPw=="
		}
	}
}
