// !$*UTF8*$!
{
	archiveVersion = 1;
	classes = {
	};
	objectVersion = 46;
	objects = {

/* Begin PBXBuildFile section */
		00E356F31AD99517003FC87E /* gutenbergTests.m in Sources */ = {isa = PBXBuildFile; fileRef = 00E356F21AD99517003FC87E /* gutenbergTests.m */; };
		13B07FBF1A68108700A75B9A /* Images.xcassets in Resources */ = {isa = PBXBuildFile; fileRef = 13B07FB51A68108700A75B9A /* Images.xcassets */; };
		1E4F2E752459E6F200EB73E7 /* WebViewController.swift in Sources */ = {isa = PBXBuildFile; fileRef = 1E85944D2449D85A006CC6A0 /* WebViewController.swift */; };
		1EFFAB71253EF6580062051E /* DocumentsMediaSource.swift in Sources */ = {isa = PBXBuildFile; fileRef = 1EFFAB70253EF6580062051E /* DocumentsMediaSource.swift */; };
		2F634FA02731D5ED00310CC3 /* LaunchScreen.storyboard in Resources */ = {isa = PBXBuildFile; fileRef = 2F634F9F2731D5ED00310CC3 /* LaunchScreen.storyboard */; };
		6EBC6CA237E4D4B00D5AC79F /* Pods_GutenbergDemo.framework in Frameworks */ = {isa = PBXBuildFile; fileRef = AB79EC55FB340834C8D3BAB6 /* Pods_GutenbergDemo.framework */; };
		7EC7328F21907E3F00FED2E6 /* GutenbergViewController.swift in Sources */ = {isa = PBXBuildFile; fileRef = 7EC7328E21907E3F00FED2E6 /* GutenbergViewController.swift */; };
		E8649334C74E9AB9AF90B020 /* Pods_GutenbergDemo_GutenbergDemoTests.framework in Frameworks */ = {isa = PBXBuildFile; fileRef = 6C4D4EB8326260FEFE8844CC /* Pods_GutenbergDemo_GutenbergDemoTests.framework */; };
		F151983C2100DC3D000F6E97 /* AppDelegate.swift in Sources */ = {isa = PBXBuildFile; fileRef = F15198392100DC3D000F6E97 /* AppDelegate.swift */; };
		F151983D2100DC3D000F6E97 /* MediaProvider.swift in Sources */ = {isa = PBXBuildFile; fileRef = F151983A2100DC3D000F6E97 /* MediaProvider.swift */; };
		F1EE6F7821E7F0A500241744 /* NotoSerif-BoldItalic.ttf in Resources */ = {isa = PBXBuildFile; fileRef = F1EE6F7421E7F0A500241744 /* NotoSerif-BoldItalic.ttf */; };
		F1EE6F7921E7F0A500241744 /* NotoSerif-Regular.ttf in Resources */ = {isa = PBXBuildFile; fileRef = F1EE6F7521E7F0A500241744 /* NotoSerif-Regular.ttf */; };
		F1EE6F7A21E7F0A500241744 /* NotoSerif-Italic.ttf in Resources */ = {isa = PBXBuildFile; fileRef = F1EE6F7621E7F0A500241744 /* NotoSerif-Italic.ttf */; };
		F1EE6F7B21E7F0A500241744 /* NotoSerif-Bold.ttf in Resources */ = {isa = PBXBuildFile; fileRef = F1EE6F7721E7F0A500241744 /* NotoSerif-Bold.ttf */; };
		FF37F903223819FA00AFA3DB /* JavaScriptCore.framework in Frameworks */ = {isa = PBXBuildFile; fileRef = FF37F8D0223819FA00AFA3DB /* JavaScriptCore.framework */; };
		FF6836C822035EAB00A0C562 /* MediaUploadCoordinator.swift in Sources */ = {isa = PBXBuildFile; fileRef = FF6836C722035EAB00A0C562 /* MediaUploadCoordinator.swift */; };
		FF83DAA92226905A00A34C93 /* CustomImageLoader.swift in Sources */ = {isa = PBXBuildFile; fileRef = FF83DAA82226905A00A34C93 /* CustomImageLoader.swift */; };
		FF9A6F4121FA8E2500D36D14 /* MediaPickCoordinator.swift in Sources */ = {isa = PBXBuildFile; fileRef = FF9A6F1621FA8E2500D36D14 /* MediaPickCoordinator.swift */; };
/* End PBXBuildFile section */

/* Begin PBXContainerItemProxy section */
		00E356F41AD99517003FC87E /* PBXContainerItemProxy */ = {
			isa = PBXContainerItemProxy;
			containerPortal = 83CBB9F71A601CBA00E9B192 /* Project object */;
			proxyType = 1;
			remoteGlobalIDString = 13B07F861A680F5B00A75B9A;
			remoteInfo = gutenberg;
		};
/* End PBXContainerItemProxy section */

/* Begin PBXFileReference section */
		008F07F21AC5B25A0029DE68 /* main.jsbundle */ = {isa = PBXFileReference; fileEncoding = 4; lastKnownFileType = text; path = main.jsbundle; sourceTree = "<group>"; };
		00E356EE1AD99517003FC87E /* GutenbergDemoTests.xctest */ = {isa = PBXFileReference; explicitFileType = wrapper.cfbundle; includeInIndex = 0; path = GutenbergDemoTests.xctest; sourceTree = BUILT_PRODUCTS_DIR; };
		00E356F11AD99517003FC87E /* Info.plist */ = {isa = PBXFileReference; lastKnownFileType = text.plist.xml; path = Info.plist; sourceTree = "<group>"; };
		00E356F21AD99517003FC87E /* gutenbergTests.m */ = {isa = PBXFileReference; lastKnownFileType = sourcecode.c.objc; path = gutenbergTests.m; sourceTree = "<group>"; };
		13B07F961A680F5B00A75B9A /* GutenbergDemo.app */ = {isa = PBXFileReference; explicitFileType = wrapper.application; includeInIndex = 0; path = GutenbergDemo.app; sourceTree = BUILT_PRODUCTS_DIR; };
		13B07FB51A68108700A75B9A /* Images.xcassets */ = {isa = PBXFileReference; lastKnownFileType = folder.assetcatalog; name = Images.xcassets; path = GutenbergDemo/Images.xcassets; sourceTree = "<group>"; };
		13B07FB61A68108700A75B9A /* Info.plist */ = {isa = PBXFileReference; fileEncoding = 4; lastKnownFileType = text.plist.xml; name = Info.plist; path = GutenbergDemo/Info.plist; sourceTree = "<group>"; };
		1E85944D2449D85A006CC6A0 /* WebViewController.swift */ = {isa = PBXFileReference; lastKnownFileType = sourcecode.swift; name = WebViewController.swift; path = GutenbergDemo/WebViewController.swift; sourceTree = "<group>"; };
		1EFFAB70253EF6580062051E /* DocumentsMediaSource.swift */ = {isa = PBXFileReference; lastKnownFileType = sourcecode.swift; path = DocumentsMediaSource.swift; sourceTree = "<group>"; };
		2F634F9F2731D5ED00310CC3 /* LaunchScreen.storyboard */ = {isa = PBXFileReference; lastKnownFileType = file.storyboard; path = LaunchScreen.storyboard; sourceTree = "<group>"; };
		4EC14D7D4E04A462CB8AC230 /* Pods-GutenbergDemo-GutenbergDemoTests.release.xcconfig */ = {isa = PBXFileReference; includeInIndex = 1; lastKnownFileType = text.xcconfig; name = "Pods-GutenbergDemo-GutenbergDemoTests.release.xcconfig"; path = "Target Support Files/Pods-GutenbergDemo-GutenbergDemoTests/Pods-GutenbergDemo-GutenbergDemoTests.release.xcconfig"; sourceTree = "<group>"; };
		66F6B74F51BD6921D3AF25F6 /* Pods-GutenbergDemoTests.debug.xcconfig */ = {isa = PBXFileReference; includeInIndex = 1; lastKnownFileType = text.xcconfig; name = "Pods-GutenbergDemoTests.debug.xcconfig"; path = "Target Support Files/Pods-GutenbergDemoTests/Pods-GutenbergDemoTests.debug.xcconfig"; sourceTree = "<group>"; };
		6C4D4EB8326260FEFE8844CC /* Pods_GutenbergDemo_GutenbergDemoTests.framework */ = {isa = PBXFileReference; explicitFileType = wrapper.framework; includeInIndex = 0; path = Pods_GutenbergDemo_GutenbergDemoTests.framework; sourceTree = BUILT_PRODUCTS_DIR; };
		71AC74DFA49CB3BF62D440DB /* Pods-GutenbergDemoTests.release.xcconfig */ = {isa = PBXFileReference; includeInIndex = 1; lastKnownFileType = text.xcconfig; name = "Pods-GutenbergDemoTests.release.xcconfig"; path = "Target Support Files/Pods-GutenbergDemoTests/Pods-GutenbergDemoTests.release.xcconfig"; sourceTree = "<group>"; };
		7EA30CF021AC8CDA0092F894 /* libxml2.tbd */ = {isa = PBXFileReference; lastKnownFileType = "sourcecode.text-based-dylib-definition"; name = libxml2.tbd; path = usr/lib/libxml2.tbd; sourceTree = SDKROOT; };
		7EC7328E21907E3F00FED2E6 /* GutenbergViewController.swift */ = {isa = PBXFileReference; indentWidth = 4; lastKnownFileType = sourcecode.swift; name = GutenbergViewController.swift; path = GutenbergDemo/GutenbergViewController.swift; sourceTree = "<group>"; tabWidth = 1; };
		9193870E2260BA5500E4FBD6 /* MobileCoreServices.framework */ = {isa = PBXFileReference; lastKnownFileType = wrapper.framework; name = MobileCoreServices.framework; path = System/Library/Frameworks/MobileCoreServices.framework; sourceTree = SDKROOT; };
		9193873C2260BA7800E4FBD6 /* CoreServices.framework */ = {isa = PBXFileReference; lastKnownFileType = wrapper.framework; name = CoreServices.framework; path = System/Library/Frameworks/CoreServices.framework; sourceTree = SDKROOT; };
		AB79EC55FB340834C8D3BAB6 /* Pods_GutenbergDemo.framework */ = {isa = PBXFileReference; explicitFileType = wrapper.framework; includeInIndex = 0; path = Pods_GutenbergDemo.framework; sourceTree = BUILT_PRODUCTS_DIR; };
		AC045626571B657FA384BB16 /* Pods-GutenbergDemo.release.xcconfig */ = {isa = PBXFileReference; includeInIndex = 1; lastKnownFileType = text.xcconfig; name = "Pods-GutenbergDemo.release.xcconfig"; path = "Target Support Files/Pods-GutenbergDemo/Pods-GutenbergDemo.release.xcconfig"; sourceTree = "<group>"; };
		F15198372100DC3C000F6E97 /* gutenberg-Bridging-Header.h */ = {isa = PBXFileReference; indentWidth = 4; lastKnownFileType = sourcecode.c.h; path = "gutenberg-Bridging-Header.h"; sourceTree = "<group>"; tabWidth = 1; };
		F15198392100DC3D000F6E97 /* AppDelegate.swift */ = {isa = PBXFileReference; fileEncoding = 4; indentWidth = 4; lastKnownFileType = sourcecode.swift; name = AppDelegate.swift; path = GutenbergDemo/AppDelegate.swift; sourceTree = "<group>"; tabWidth = 1; };
		F151983A2100DC3D000F6E97 /* MediaProvider.swift */ = {isa = PBXFileReference; fileEncoding = 4; indentWidth = 4; lastKnownFileType = sourcecode.swift; name = MediaProvider.swift; path = GutenbergDemo/MediaProvider.swift; sourceTree = "<group>"; tabWidth = 1; usesTabs = 0; };
		F1EE6F7421E7F0A500241744 /* NotoSerif-BoldItalic.ttf */ = {isa = PBXFileReference; lastKnownFileType = file; path = "NotoSerif-BoldItalic.ttf"; sourceTree = "<group>"; };
		F1EE6F7521E7F0A500241744 /* NotoSerif-Regular.ttf */ = {isa = PBXFileReference; lastKnownFileType = file; path = "NotoSerif-Regular.ttf"; sourceTree = "<group>"; };
		F1EE6F7621E7F0A500241744 /* NotoSerif-Italic.ttf */ = {isa = PBXFileReference; lastKnownFileType = file; path = "NotoSerif-Italic.ttf"; sourceTree = "<group>"; };
		F1EE6F7721E7F0A500241744 /* NotoSerif-Bold.ttf */ = {isa = PBXFileReference; lastKnownFileType = file; path = "NotoSerif-Bold.ttf"; sourceTree = "<group>"; };
		F2F167661C7FE694D2639A72 /* Pods-GutenbergDemo.debug.xcconfig */ = {isa = PBXFileReference; includeInIndex = 1; lastKnownFileType = text.xcconfig; name = "Pods-GutenbergDemo.debug.xcconfig"; path = "Target Support Files/Pods-GutenbergDemo/Pods-GutenbergDemo.debug.xcconfig"; sourceTree = "<group>"; };
		FC32E740B1F0D56A0F2971E7 /* Pods-GutenbergDemo-GutenbergDemoTests.debug.xcconfig */ = {isa = PBXFileReference; includeInIndex = 1; lastKnownFileType = text.xcconfig; name = "Pods-GutenbergDemo-GutenbergDemoTests.debug.xcconfig"; path = "Target Support Files/Pods-GutenbergDemo-GutenbergDemoTests/Pods-GutenbergDemo-GutenbergDemoTests.debug.xcconfig"; sourceTree = "<group>"; };
		FF37F8D0223819FA00AFA3DB /* JavaScriptCore.framework */ = {isa = PBXFileReference; lastKnownFileType = wrapper.framework; name = JavaScriptCore.framework; path = System/Library/Frameworks/JavaScriptCore.framework; sourceTree = SDKROOT; };
		FF6836C722035EAB00A0C562 /* MediaUploadCoordinator.swift */ = {isa = PBXFileReference; fileEncoding = 4; lastKnownFileType = sourcecode.swift; name = MediaUploadCoordinator.swift; path = GutenbergDemo/MediaUploadCoordinator.swift; sourceTree = "<group>"; };
		FF83DAA82226905A00A34C93 /* CustomImageLoader.swift */ = {isa = PBXFileReference; lastKnownFileType = sourcecode.swift; path = CustomImageLoader.swift; sourceTree = "<group>"; };
		FF9A6F1621FA8E2500D36D14 /* MediaPickCoordinator.swift */ = {isa = PBXFileReference; fileEncoding = 4; lastKnownFileType = sourcecode.swift; name = MediaPickCoordinator.swift; path = GutenbergDemo/MediaPickCoordinator.swift; sourceTree = "<group>"; };
/* End PBXFileReference section */

/* Begin PBXFrameworksBuildPhase section */
		00E356EB1AD99517003FC87E /* Frameworks */ = {
			isa = PBXFrameworksBuildPhase;
			buildActionMask = 2147483647;
			files = (
				E8649334C74E9AB9AF90B020 /* Pods_GutenbergDemo_GutenbergDemoTests.framework in Frameworks */,
			);
			runOnlyForDeploymentPostprocessing = 0;
		};
		13B07F8C1A680F5B00A75B9A /* Frameworks */ = {
			isa = PBXFrameworksBuildPhase;
			buildActionMask = 2147483647;
			files = (
				FF37F903223819FA00AFA3DB /* JavaScriptCore.framework in Frameworks */,
				6EBC6CA237E4D4B00D5AC79F /* Pods_GutenbergDemo.framework in Frameworks */,
			);
			runOnlyForDeploymentPostprocessing = 0;
		};
/* End PBXFrameworksBuildPhase section */

/* Begin PBXGroup section */
		00E356EF1AD99517003FC87E /* gutenbergTests */ = {
			isa = PBXGroup;
			children = (
				00E356F21AD99517003FC87E /* gutenbergTests.m */,
				00E356F01AD99517003FC87E /* Supporting Files */,
			);
			path = gutenbergTests;
			sourceTree = "<group>";
		};
		00E356F01AD99517003FC87E /* Supporting Files */ = {
			isa = PBXGroup;
			children = (
				00E356F11AD99517003FC87E /* Info.plist */,
			);
			name = "Supporting Files";
			sourceTree = "<group>";
		};
		13B07FAE1A68108700A75B9A /* GutenbergDemo */ = {
			isa = PBXGroup;
			children = (
				008F07F21AC5B25A0029DE68 /* main.jsbundle */,
				F15198372100DC3C000F6E97 /* gutenberg-Bridging-Header.h */,
				F15198392100DC3D000F6E97 /* AppDelegate.swift */,
				7EC7328E21907E3F00FED2E6 /* GutenbergViewController.swift */,
				1EFFAB70253EF6580062051E /* DocumentsMediaSource.swift */,
				1E85944D2449D85A006CC6A0 /* WebViewController.swift */,
				FF9A6F1621FA8E2500D36D14 /* MediaPickCoordinator.swift */,
				FF6836C722035EAB00A0C562 /* MediaUploadCoordinator.swift */,
				F151983A2100DC3D000F6E97 /* MediaProvider.swift */,
				13B07FB51A68108700A75B9A /* Images.xcassets */,
				13B07FB61A68108700A75B9A /* Info.plist */,
				FF83DAA82226905A00A34C93 /* CustomImageLoader.swift */,
				2F634F9F2731D5ED00310CC3 /* LaunchScreen.storyboard */,
			);
			name = GutenbergDemo;
			sourceTree = "<group>";
		};
		2D16E6871FA4F8E400B85C8A /* Frameworks */ = {
			isa = PBXGroup;
			children = (
				9193873C2260BA7800E4FBD6 /* CoreServices.framework */,
				9193870E2260BA5500E4FBD6 /* MobileCoreServices.framework */,
				FF37F8D0223819FA00AFA3DB /* JavaScriptCore.framework */,
				7EA30CF021AC8CDA0092F894 /* libxml2.tbd */,
				AB79EC55FB340834C8D3BAB6 /* Pods_GutenbergDemo.framework */,
				6C4D4EB8326260FEFE8844CC /* Pods_GutenbergDemo_GutenbergDemoTests.framework */,
			);
			name = Frameworks;
			sourceTree = "<group>";
		};
		83CBB9F61A601CBA00E9B192 = {
			isa = PBXGroup;
			children = (
				13B07FAE1A68108700A75B9A /* GutenbergDemo */,
				F1EE6F7221E7F0A500241744 /* resources */,
				00E356EF1AD99517003FC87E /* gutenbergTests */,
				83CBBA001A601CBA00E9B192 /* Products */,
				2D16E6871FA4F8E400B85C8A /* Frameworks */,
				918EE91F38EF19A86F38D86F /* Pods */,
			);
			indentWidth = 2;
			sourceTree = "<group>";
			tabWidth = 2;
			usesTabs = 0;
		};
		83CBBA001A601CBA00E9B192 /* Products */ = {
			isa = PBXGroup;
			children = (
				13B07F961A680F5B00A75B9A /* GutenbergDemo.app */,
				00E356EE1AD99517003FC87E /* GutenbergDemoTests.xctest */,
			);
			name = Products;
			sourceTree = "<group>";
		};
		918EE91F38EF19A86F38D86F /* Pods */ = {
			isa = PBXGroup;
			children = (
				F2F167661C7FE694D2639A72 /* Pods-GutenbergDemo.debug.xcconfig */,
				AC045626571B657FA384BB16 /* Pods-GutenbergDemo.release.xcconfig */,
				66F6B74F51BD6921D3AF25F6 /* Pods-GutenbergDemoTests.debug.xcconfig */,
				71AC74DFA49CB3BF62D440DB /* Pods-GutenbergDemoTests.release.xcconfig */,
				FC32E740B1F0D56A0F2971E7 /* Pods-GutenbergDemo-GutenbergDemoTests.debug.xcconfig */,
				4EC14D7D4E04A462CB8AC230 /* Pods-GutenbergDemo-GutenbergDemoTests.release.xcconfig */,
			);
			path = Pods;
			sourceTree = "<group>";
		};
		F1EE6F7221E7F0A500241744 /* resources */ = {
			isa = PBXGroup;
			children = (
				F1EE6F7321E7F0A500241744 /* fonts */,
			);
			name = resources;
			path = ../resources;
			sourceTree = "<group>";
		};
		F1EE6F7321E7F0A500241744 /* fonts */ = {
			isa = PBXGroup;
			children = (
				F1EE6F7421E7F0A500241744 /* NotoSerif-BoldItalic.ttf */,
				F1EE6F7521E7F0A500241744 /* NotoSerif-Regular.ttf */,
				F1EE6F7621E7F0A500241744 /* NotoSerif-Italic.ttf */,
				F1EE6F7721E7F0A500241744 /* NotoSerif-Bold.ttf */,
			);
			path = fonts;
			sourceTree = "<group>";
		};
/* End PBXGroup section */

/* Begin PBXNativeTarget section */
		00E356ED1AD99517003FC87E /* GutenbergDemoTests */ = {
			isa = PBXNativeTarget;
			buildConfigurationList = 00E357021AD99517003FC87E /* Build configuration list for PBXNativeTarget "GutenbergDemoTests" */;
			buildPhases = (
				70B839CE7B6A174DC4DE8FB6 /* [CP] Check Pods Manifest.lock */,
				00E356EA1AD99517003FC87E /* Sources */,
				00E356EB1AD99517003FC87E /* Frameworks */,
				00E356EC1AD99517003FC87E /* Resources */,
				71C0B5FDA891DD4D469D2DFB /* [CP] Embed Pods Frameworks */,
			);
			buildRules = (
			);
			dependencies = (
				00E356F51AD99517003FC87E /* PBXTargetDependency */,
			);
			name = GutenbergDemoTests;
			productName = gutenbergTests;
			productReference = 00E356EE1AD99517003FC87E /* GutenbergDemoTests.xctest */;
			productType = "com.apple.product-type.bundle.unit-test";
		};
		13B07F861A680F5B00A75B9A /* GutenbergDemo */ = {
			isa = PBXNativeTarget;
			buildConfigurationList = 13B07F931A680F5B00A75B9A /* Build configuration list for PBXNativeTarget "GutenbergDemo" */;
			buildPhases = (
				74E4D376F06BC61DB863CCC7 /* [CP] Check Pods Manifest.lock */,
				13B07F871A680F5B00A75B9A /* Sources */,
				13B07F8C1A680F5B00A75B9A /* Frameworks */,
				13B07F8E1A680F5B00A75B9A /* Resources */,
				00DD1BFF1BD5951E006B06BC /* Bundle React Native code and images */,
				06CE89E9A162D62B604C3B6C /* [CP] Embed Pods Frameworks */,
			);
			buildRules = (
			);
			dependencies = (
			);
			name = GutenbergDemo;
			productName = "Hello World";
			productReference = 13B07F961A680F5B00A75B9A /* GutenbergDemo.app */;
			productType = "com.apple.product-type.application";
		};
/* End PBXNativeTarget section */

/* Begin PBXProject section */
		83CBB9F71A601CBA00E9B192 /* Project object */ = {
			isa = PBXProject;
			attributes = {
				LastUpgradeCheck = 610;
				ORGANIZATIONNAME = Facebook;
				TargetAttributes = {
					00E356ED1AD99517003FC87E = {
						CreatedOnToolsVersion = 6.2;
						TestTargetID = 13B07F861A680F5B00A75B9A;
					};
					13B07F861A680F5B00A75B9A = {
						DevelopmentTeam = PZYM8XX95Q;
						LastSwiftMigration = 940;
						ProvisioningStyle = Manual;
					};
				};
			};
			buildConfigurationList = 83CBB9FA1A601CBA00E9B192 /* Build configuration list for PBXProject "GutenbergDemo" */;
			compatibilityVersion = "Xcode 3.2";
			developmentRegion = English;
			hasScannedForEncodings = 0;
			knownRegions = (
				English,
				en,
				Base,
			);
			mainGroup = 83CBB9F61A601CBA00E9B192;
			productRefGroup = 83CBBA001A601CBA00E9B192 /* Products */;
			projectDirPath = "";
			projectRoot = "";
			targets = (
				13B07F861A680F5B00A75B9A /* GutenbergDemo */,
				00E356ED1AD99517003FC87E /* GutenbergDemoTests */,
			);
		};
/* End PBXProject section */

/* Begin PBXResourcesBuildPhase section */
		00E356EC1AD99517003FC87E /* Resources */ = {
			isa = PBXResourcesBuildPhase;
			buildActionMask = 2147483647;
			files = (
			);
			runOnlyForDeploymentPostprocessing = 0;
		};
		13B07F8E1A680F5B00A75B9A /* Resources */ = {
			isa = PBXResourcesBuildPhase;
			buildActionMask = 2147483647;
			files = (
				13B07FBF1A68108700A75B9A /* Images.xcassets in Resources */,
				F1EE6F7B21E7F0A500241744 /* NotoSerif-Bold.ttf in Resources */,
				F1EE6F7921E7F0A500241744 /* NotoSerif-Regular.ttf in Resources */,
				F1EE6F7A21E7F0A500241744 /* NotoSerif-Italic.ttf in Resources */,
				2F634FA02731D5ED00310CC3 /* LaunchScreen.storyboard in Resources */,
				F1EE6F7821E7F0A500241744 /* NotoSerif-BoldItalic.ttf in Resources */,
			);
			runOnlyForDeploymentPostprocessing = 0;
		};
/* End PBXResourcesBuildPhase section */

/* Begin PBXShellScriptBuildPhase section */
		00DD1BFF1BD5951E006B06BC /* Bundle React Native code and images */ = {
			isa = PBXShellScriptBuildPhase;
			buildActionMask = 2147483647;
			files = (
			);
			inputPaths = (
			);
			name = "Bundle React Native code and images";
			outputPaths = (
			);
			runOnlyForDeploymentPostprocessing = 0;
			shellPath = /bin/sh;
			shellScript = "set -e\nexport NODE_BINARY=node\nexport PROJECT_ROOT=$PWD/..\n../../../node_modules/react-native/scripts/react-native-xcode.sh\n";
		};
		06CE89E9A162D62B604C3B6C /* [CP] Embed Pods Frameworks */ = {
			isa = PBXShellScriptBuildPhase;
			buildActionMask = 2147483647;
			files = (
			);
			inputPaths = (
				"${PODS_ROOT}/Target Support Files/Pods-GutenbergDemo/Pods-GutenbergDemo-frameworks.sh",
				"${BUILT_PRODUCTS_DIR}/WordPress-Aztec-iOS-framework/Aztec.framework",
				"${BUILT_PRODUCTS_DIR}/BVLinearGradient/BVLinearGradient.framework",
				"${BUILT_PRODUCTS_DIR}/DoubleConversion/DoubleConversion.framework",
				"${BUILT_PRODUCTS_DIR}/FBReactNativeSpec/FBReactNativeSpec.framework",
				"${BUILT_PRODUCTS_DIR}/Gutenberg/Gutenberg.framework",
				"${BUILT_PRODUCTS_DIR}/RCT-Folly/folly.framework",
				"${BUILT_PRODUCTS_DIR}/RCTTypeSafety/RCTTypeSafety.framework",
				"${BUILT_PRODUCTS_DIR}/RNCClipboard/RNCClipboard.framework",
				"${BUILT_PRODUCTS_DIR}/RNCMaskedView/RNCMaskedView.framework",
				"${BUILT_PRODUCTS_DIR}/RNGestureHandler/RNGestureHandler.framework",
				"${BUILT_PRODUCTS_DIR}/RNReanimated/RNReanimated.framework",
				"${BUILT_PRODUCTS_DIR}/RNSVG/RNSVG.framework",
				"${BUILT_PRODUCTS_DIR}/RNScreens/RNScreens.framework",
				"${BUILT_PRODUCTS_DIR}/RNTAztecView/RNTAztecView.framework",
				"${BUILT_PRODUCTS_DIR}/React-Core/React.framework",
				"${BUILT_PRODUCTS_DIR}/React-CoreModules/CoreModules.framework",
				"${BUILT_PRODUCTS_DIR}/React-RCTAnimation/RCTAnimation.framework",
				"${BUILT_PRODUCTS_DIR}/React-RCTBlob/RCTBlob.framework",
				"${BUILT_PRODUCTS_DIR}/React-RCTImage/RCTImage.framework",
				"${BUILT_PRODUCTS_DIR}/React-RCTLinking/RCTLinking.framework",
				"${BUILT_PRODUCTS_DIR}/React-RCTNetwork/RCTNetwork.framework",
				"${BUILT_PRODUCTS_DIR}/React-RCTSettings/RCTSettings.framework",
				"${BUILT_PRODUCTS_DIR}/React-RCTText/RCTText.framework",
				"${BUILT_PRODUCTS_DIR}/React-RCTVibration/RCTVibration.framework",
				"${BUILT_PRODUCTS_DIR}/React-cxxreact/cxxreact.framework",
				"${BUILT_PRODUCTS_DIR}/React-jsi/jsi.framework",
				"${BUILT_PRODUCTS_DIR}/React-jsiexecutor/jsireact.framework",
				"${BUILT_PRODUCTS_DIR}/React-jsinspector/jsinspector.framework",
				"${BUILT_PRODUCTS_DIR}/React-logger/logger.framework",
				"${BUILT_PRODUCTS_DIR}/React-perflogger/reactperflogger.framework",
				"${BUILT_PRODUCTS_DIR}/ReactCommon/ReactCommon.framework",
				"${BUILT_PRODUCTS_DIR}/Yoga/yoga.framework",
				"${BUILT_PRODUCTS_DIR}/fmt/fmt.framework",
				"${BUILT_PRODUCTS_DIR}/glog/glog.framework",
				"${BUILT_PRODUCTS_DIR}/react-native-blur/react_native_blur.framework",
				"${BUILT_PRODUCTS_DIR}/react-native-get-random-values/react_native_get_random_values.framework",
				"${BUILT_PRODUCTS_DIR}/react-native-keyboard-aware-scroll-view/react_native_keyboard_aware_scroll_view.framework",
				"${BUILT_PRODUCTS_DIR}/react-native-safe-area/react_native_safe_area.framework",
				"${BUILT_PRODUCTS_DIR}/react-native-safe-area-context/react_native_safe_area_context.framework",
				"${BUILT_PRODUCTS_DIR}/react-native-slider/react_native_slider.framework",
				"${BUILT_PRODUCTS_DIR}/react-native-webview/react_native_webview.framework",
			);
			name = "[CP] Embed Pods Frameworks";
			outputPaths = (
				"${TARGET_BUILD_DIR}/${FRAMEWORKS_FOLDER_PATH}/Aztec.framework",
				"${TARGET_BUILD_DIR}/${FRAMEWORKS_FOLDER_PATH}/BVLinearGradient.framework",
				"${TARGET_BUILD_DIR}/${FRAMEWORKS_FOLDER_PATH}/DoubleConversion.framework",
				"${TARGET_BUILD_DIR}/${FRAMEWORKS_FOLDER_PATH}/FBReactNativeSpec.framework",
				"${TARGET_BUILD_DIR}/${FRAMEWORKS_FOLDER_PATH}/Gutenberg.framework",
				"${TARGET_BUILD_DIR}/${FRAMEWORKS_FOLDER_PATH}/folly.framework",
				"${TARGET_BUILD_DIR}/${FRAMEWORKS_FOLDER_PATH}/RCTTypeSafety.framework",
				"${TARGET_BUILD_DIR}/${FRAMEWORKS_FOLDER_PATH}/RNCClipboard.framework",
				"${TARGET_BUILD_DIR}/${FRAMEWORKS_FOLDER_PATH}/RNCMaskedView.framework",
				"${TARGET_BUILD_DIR}/${FRAMEWORKS_FOLDER_PATH}/RNGestureHandler.framework",
				"${TARGET_BUILD_DIR}/${FRAMEWORKS_FOLDER_PATH}/RNReanimated.framework",
				"${TARGET_BUILD_DIR}/${FRAMEWORKS_FOLDER_PATH}/RNSVG.framework",
				"${TARGET_BUILD_DIR}/${FRAMEWORKS_FOLDER_PATH}/RNScreens.framework",
				"${TARGET_BUILD_DIR}/${FRAMEWORKS_FOLDER_PATH}/RNTAztecView.framework",
				"${TARGET_BUILD_DIR}/${FRAMEWORKS_FOLDER_PATH}/React.framework",
				"${TARGET_BUILD_DIR}/${FRAMEWORKS_FOLDER_PATH}/CoreModules.framework",
				"${TARGET_BUILD_DIR}/${FRAMEWORKS_FOLDER_PATH}/RCTAnimation.framework",
				"${TARGET_BUILD_DIR}/${FRAMEWORKS_FOLDER_PATH}/RCTBlob.framework",
				"${TARGET_BUILD_DIR}/${FRAMEWORKS_FOLDER_PATH}/RCTImage.framework",
				"${TARGET_BUILD_DIR}/${FRAMEWORKS_FOLDER_PATH}/RCTLinking.framework",
				"${TARGET_BUILD_DIR}/${FRAMEWORKS_FOLDER_PATH}/RCTNetwork.framework",
				"${TARGET_BUILD_DIR}/${FRAMEWORKS_FOLDER_PATH}/RCTSettings.framework",
				"${TARGET_BUILD_DIR}/${FRAMEWORKS_FOLDER_PATH}/RCTText.framework",
				"${TARGET_BUILD_DIR}/${FRAMEWORKS_FOLDER_PATH}/RCTVibration.framework",
				"${TARGET_BUILD_DIR}/${FRAMEWORKS_FOLDER_PATH}/cxxreact.framework",
				"${TARGET_BUILD_DIR}/${FRAMEWORKS_FOLDER_PATH}/jsi.framework",
				"${TARGET_BUILD_DIR}/${FRAMEWORKS_FOLDER_PATH}/jsireact.framework",
				"${TARGET_BUILD_DIR}/${FRAMEWORKS_FOLDER_PATH}/jsinspector.framework",
				"${TARGET_BUILD_DIR}/${FRAMEWORKS_FOLDER_PATH}/logger.framework",
				"${TARGET_BUILD_DIR}/${FRAMEWORKS_FOLDER_PATH}/reactperflogger.framework",
				"${TARGET_BUILD_DIR}/${FRAMEWORKS_FOLDER_PATH}/ReactCommon.framework",
				"${TARGET_BUILD_DIR}/${FRAMEWORKS_FOLDER_PATH}/yoga.framework",
				"${TARGET_BUILD_DIR}/${FRAMEWORKS_FOLDER_PATH}/fmt.framework",
				"${TARGET_BUILD_DIR}/${FRAMEWORKS_FOLDER_PATH}/glog.framework",
				"${TARGET_BUILD_DIR}/${FRAMEWORKS_FOLDER_PATH}/react_native_blur.framework",
				"${TARGET_BUILD_DIR}/${FRAMEWORKS_FOLDER_PATH}/react_native_get_random_values.framework",
				"${TARGET_BUILD_DIR}/${FRAMEWORKS_FOLDER_PATH}/react_native_keyboard_aware_scroll_view.framework",
				"${TARGET_BUILD_DIR}/${FRAMEWORKS_FOLDER_PATH}/react_native_safe_area.framework",
				"${TARGET_BUILD_DIR}/${FRAMEWORKS_FOLDER_PATH}/react_native_safe_area_context.framework",
				"${TARGET_BUILD_DIR}/${FRAMEWORKS_FOLDER_PATH}/react_native_slider.framework",
				"${TARGET_BUILD_DIR}/${FRAMEWORKS_FOLDER_PATH}/react_native_webview.framework",
			);
			runOnlyForDeploymentPostprocessing = 0;
			shellPath = /bin/sh;
			shellScript = "\"${PODS_ROOT}/Target Support Files/Pods-GutenbergDemo/Pods-GutenbergDemo-frameworks.sh\"\n";
			showEnvVarsInLog = 0;
		};
		70B839CE7B6A174DC4DE8FB6 /* [CP] Check Pods Manifest.lock */ = {
			isa = PBXShellScriptBuildPhase;
			buildActionMask = 2147483647;
			files = (
			);
			inputFileListPaths = (
			);
			inputPaths = (
				"${PODS_PODFILE_DIR_PATH}/Podfile.lock",
				"${PODS_ROOT}/Manifest.lock",
			);
			name = "[CP] Check Pods Manifest.lock";
			outputFileListPaths = (
			);
			outputPaths = (
				"$(DERIVED_FILE_DIR)/Pods-GutenbergDemo-GutenbergDemoTests-checkManifestLockResult.txt",
			);
			runOnlyForDeploymentPostprocessing = 0;
			shellPath = /bin/sh;
			shellScript = "diff \"${PODS_PODFILE_DIR_PATH}/Podfile.lock\" \"${PODS_ROOT}/Manifest.lock\" > /dev/null\nif [ $? != 0 ] ; then\n    # print error to STDERR\n    echo \"error: The sandbox is not in sync with the Podfile.lock. Run 'pod install' or update your CocoaPods installation.\" >&2\n    exit 1\nfi\n# This output is used by Xcode 'outputs' to avoid re-running this script phase.\necho \"SUCCESS\" > \"${SCRIPT_OUTPUT_FILE_0}\"\n";
			showEnvVarsInLog = 0;
		};
		71C0B5FDA891DD4D469D2DFB /* [CP] Embed Pods Frameworks */ = {
			isa = PBXShellScriptBuildPhase;
			buildActionMask = 2147483647;
			files = (
			);
			inputPaths = (
				"${PODS_ROOT}/Target Support Files/Pods-GutenbergDemo-GutenbergDemoTests/Pods-GutenbergDemo-GutenbergDemoTests-frameworks.sh",
				"${BUILT_PRODUCTS_DIR}/WordPress-Aztec-iOS-framework/Aztec.framework",
				"${BUILT_PRODUCTS_DIR}/BVLinearGradient/BVLinearGradient.framework",
				"${BUILT_PRODUCTS_DIR}/DoubleConversion/DoubleConversion.framework",
				"${BUILT_PRODUCTS_DIR}/FBReactNativeSpec/FBReactNativeSpec.framework",
				"${BUILT_PRODUCTS_DIR}/Gutenberg/Gutenberg.framework",
				"${BUILT_PRODUCTS_DIR}/RCT-Folly/folly.framework",
				"${BUILT_PRODUCTS_DIR}/RCTTypeSafety/RCTTypeSafety.framework",
				"${BUILT_PRODUCTS_DIR}/RNCClipboard/RNCClipboard.framework",
				"${BUILT_PRODUCTS_DIR}/RNCMaskedView/RNCMaskedView.framework",
				"${BUILT_PRODUCTS_DIR}/RNGestureHandler/RNGestureHandler.framework",
				"${BUILT_PRODUCTS_DIR}/RNReanimated/RNReanimated.framework",
				"${BUILT_PRODUCTS_DIR}/RNSVG/RNSVG.framework",
				"${BUILT_PRODUCTS_DIR}/RNScreens/RNScreens.framework",
				"${BUILT_PRODUCTS_DIR}/RNTAztecView/RNTAztecView.framework",
				"${BUILT_PRODUCTS_DIR}/React-Core/React.framework",
				"${BUILT_PRODUCTS_DIR}/React-CoreModules/CoreModules.framework",
				"${BUILT_PRODUCTS_DIR}/React-RCTAnimation/RCTAnimation.framework",
				"${BUILT_PRODUCTS_DIR}/React-RCTBlob/RCTBlob.framework",
				"${BUILT_PRODUCTS_DIR}/React-RCTImage/RCTImage.framework",
				"${BUILT_PRODUCTS_DIR}/React-RCTLinking/RCTLinking.framework",
				"${BUILT_PRODUCTS_DIR}/React-RCTNetwork/RCTNetwork.framework",
				"${BUILT_PRODUCTS_DIR}/React-RCTSettings/RCTSettings.framework",
				"${BUILT_PRODUCTS_DIR}/React-RCTText/RCTText.framework",
				"${BUILT_PRODUCTS_DIR}/React-RCTVibration/RCTVibration.framework",
				"${BUILT_PRODUCTS_DIR}/React-cxxreact/cxxreact.framework",
				"${BUILT_PRODUCTS_DIR}/React-jsi/jsi.framework",
				"${BUILT_PRODUCTS_DIR}/React-jsiexecutor/jsireact.framework",
				"${BUILT_PRODUCTS_DIR}/React-jsinspector/jsinspector.framework",
				"${BUILT_PRODUCTS_DIR}/React-logger/logger.framework",
				"${BUILT_PRODUCTS_DIR}/React-perflogger/reactperflogger.framework",
				"${BUILT_PRODUCTS_DIR}/ReactCommon/ReactCommon.framework",
				"${BUILT_PRODUCTS_DIR}/Yoga/yoga.framework",
				"${BUILT_PRODUCTS_DIR}/fmt/fmt.framework",
				"${BUILT_PRODUCTS_DIR}/glog/glog.framework",
				"${BUILT_PRODUCTS_DIR}/react-native-blur/react_native_blur.framework",
				"${BUILT_PRODUCTS_DIR}/react-native-get-random-values/react_native_get_random_values.framework",
				"${BUILT_PRODUCTS_DIR}/react-native-keyboard-aware-scroll-view/react_native_keyboard_aware_scroll_view.framework",
				"${BUILT_PRODUCTS_DIR}/react-native-safe-area/react_native_safe_area.framework",
				"${BUILT_PRODUCTS_DIR}/react-native-safe-area-context/react_native_safe_area_context.framework",
				"${BUILT_PRODUCTS_DIR}/react-native-slider/react_native_slider.framework",
				"${BUILT_PRODUCTS_DIR}/react-native-webview/react_native_webview.framework",
			);
			name = "[CP] Embed Pods Frameworks";
			outputPaths = (
				"${TARGET_BUILD_DIR}/${FRAMEWORKS_FOLDER_PATH}/Aztec.framework",
				"${TARGET_BUILD_DIR}/${FRAMEWORKS_FOLDER_PATH}/BVLinearGradient.framework",
				"${TARGET_BUILD_DIR}/${FRAMEWORKS_FOLDER_PATH}/DoubleConversion.framework",
				"${TARGET_BUILD_DIR}/${FRAMEWORKS_FOLDER_PATH}/FBReactNativeSpec.framework",
				"${TARGET_BUILD_DIR}/${FRAMEWORKS_FOLDER_PATH}/Gutenberg.framework",
				"${TARGET_BUILD_DIR}/${FRAMEWORKS_FOLDER_PATH}/folly.framework",
				"${TARGET_BUILD_DIR}/${FRAMEWORKS_FOLDER_PATH}/RCTTypeSafety.framework",
				"${TARGET_BUILD_DIR}/${FRAMEWORKS_FOLDER_PATH}/RNCClipboard.framework",
				"${TARGET_BUILD_DIR}/${FRAMEWORKS_FOLDER_PATH}/RNCMaskedView.framework",
				"${TARGET_BUILD_DIR}/${FRAMEWORKS_FOLDER_PATH}/RNGestureHandler.framework",
				"${TARGET_BUILD_DIR}/${FRAMEWORKS_FOLDER_PATH}/RNReanimated.framework",
				"${TARGET_BUILD_DIR}/${FRAMEWORKS_FOLDER_PATH}/RNSVG.framework",
				"${TARGET_BUILD_DIR}/${FRAMEWORKS_FOLDER_PATH}/RNScreens.framework",
				"${TARGET_BUILD_DIR}/${FRAMEWORKS_FOLDER_PATH}/RNTAztecView.framework",
				"${TARGET_BUILD_DIR}/${FRAMEWORKS_FOLDER_PATH}/React.framework",
				"${TARGET_BUILD_DIR}/${FRAMEWORKS_FOLDER_PATH}/CoreModules.framework",
				"${TARGET_BUILD_DIR}/${FRAMEWORKS_FOLDER_PATH}/RCTAnimation.framework",
				"${TARGET_BUILD_DIR}/${FRAMEWORKS_FOLDER_PATH}/RCTBlob.framework",
				"${TARGET_BUILD_DIR}/${FRAMEWORKS_FOLDER_PATH}/RCTImage.framework",
				"${TARGET_BUILD_DIR}/${FRAMEWORKS_FOLDER_PATH}/RCTLinking.framework",
				"${TARGET_BUILD_DIR}/${FRAMEWORKS_FOLDER_PATH}/RCTNetwork.framework",
				"${TARGET_BUILD_DIR}/${FRAMEWORKS_FOLDER_PATH}/RCTSettings.framework",
				"${TARGET_BUILD_DIR}/${FRAMEWORKS_FOLDER_PATH}/RCTText.framework",
				"${TARGET_BUILD_DIR}/${FRAMEWORKS_FOLDER_PATH}/RCTVibration.framework",
				"${TARGET_BUILD_DIR}/${FRAMEWORKS_FOLDER_PATH}/cxxreact.framework",
				"${TARGET_BUILD_DIR}/${FRAMEWORKS_FOLDER_PATH}/jsi.framework",
				"${TARGET_BUILD_DIR}/${FRAMEWORKS_FOLDER_PATH}/jsireact.framework",
				"${TARGET_BUILD_DIR}/${FRAMEWORKS_FOLDER_PATH}/jsinspector.framework",
				"${TARGET_BUILD_DIR}/${FRAMEWORKS_FOLDER_PATH}/logger.framework",
				"${TARGET_BUILD_DIR}/${FRAMEWORKS_FOLDER_PATH}/reactperflogger.framework",
				"${TARGET_BUILD_DIR}/${FRAMEWORKS_FOLDER_PATH}/ReactCommon.framework",
				"${TARGET_BUILD_DIR}/${FRAMEWORKS_FOLDER_PATH}/yoga.framework",
				"${TARGET_BUILD_DIR}/${FRAMEWORKS_FOLDER_PATH}/fmt.framework",
				"${TARGET_BUILD_DIR}/${FRAMEWORKS_FOLDER_PATH}/glog.framework",
				"${TARGET_BUILD_DIR}/${FRAMEWORKS_FOLDER_PATH}/react_native_blur.framework",
				"${TARGET_BUILD_DIR}/${FRAMEWORKS_FOLDER_PATH}/react_native_get_random_values.framework",
				"${TARGET_BUILD_DIR}/${FRAMEWORKS_FOLDER_PATH}/react_native_keyboard_aware_scroll_view.framework",
				"${TARGET_BUILD_DIR}/${FRAMEWORKS_FOLDER_PATH}/react_native_safe_area.framework",
				"${TARGET_BUILD_DIR}/${FRAMEWORKS_FOLDER_PATH}/react_native_safe_area_context.framework",
				"${TARGET_BUILD_DIR}/${FRAMEWORKS_FOLDER_PATH}/react_native_slider.framework",
				"${TARGET_BUILD_DIR}/${FRAMEWORKS_FOLDER_PATH}/react_native_webview.framework",
			);
			runOnlyForDeploymentPostprocessing = 0;
			shellPath = /bin/sh;
			shellScript = "\"${PODS_ROOT}/Target Support Files/Pods-GutenbergDemo-GutenbergDemoTests/Pods-GutenbergDemo-GutenbergDemoTests-frameworks.sh\"\n";
			showEnvVarsInLog = 0;
		};
		74E4D376F06BC61DB863CCC7 /* [CP] Check Pods Manifest.lock */ = {
			isa = PBXShellScriptBuildPhase;
			buildActionMask = 2147483647;
			files = (
			);
			inputFileListPaths = (
			);
			inputPaths = (
				"${PODS_PODFILE_DIR_PATH}/Podfile.lock",
				"${PODS_ROOT}/Manifest.lock",
			);
			name = "[CP] Check Pods Manifest.lock";
			outputFileListPaths = (
			);
			outputPaths = (
				"$(DERIVED_FILE_DIR)/Pods-GutenbergDemo-checkManifestLockResult.txt",
			);
			runOnlyForDeploymentPostprocessing = 0;
			shellPath = /bin/sh;
			shellScript = "diff \"${PODS_PODFILE_DIR_PATH}/Podfile.lock\" \"${PODS_ROOT}/Manifest.lock\" > /dev/null\nif [ $? != 0 ] ; then\n    # print error to STDERR\n    echo \"error: The sandbox is not in sync with the Podfile.lock. Run 'pod install' or update your CocoaPods installation.\" >&2\n    exit 1\nfi\n# This output is used by Xcode 'outputs' to avoid re-running this script phase.\necho \"SUCCESS\" > \"${SCRIPT_OUTPUT_FILE_0}\"\n";
			showEnvVarsInLog = 0;
		};
/* End PBXShellScriptBuildPhase section */

/* Begin PBXSourcesBuildPhase section */
		00E356EA1AD99517003FC87E /* Sources */ = {
			isa = PBXSourcesBuildPhase;
			buildActionMask = 2147483647;
			files = (
				00E356F31AD99517003FC87E /* gutenbergTests.m in Sources */,
			);
			runOnlyForDeploymentPostprocessing = 0;
		};
		13B07F871A680F5B00A75B9A /* Sources */ = {
			isa = PBXSourcesBuildPhase;
			buildActionMask = 2147483647;
			files = (
				F151983C2100DC3D000F6E97 /* AppDelegate.swift in Sources */,
				FF83DAA92226905A00A34C93 /* CustomImageLoader.swift in Sources */,
				FF9A6F4121FA8E2500D36D14 /* MediaPickCoordinator.swift in Sources */,
				F151983D2100DC3D000F6E97 /* MediaProvider.swift in Sources */,
				1EFFAB71253EF6580062051E /* DocumentsMediaSource.swift in Sources */,
				1E4F2E752459E6F200EB73E7 /* WebViewController.swift in Sources */,
				FF6836C822035EAB00A0C562 /* MediaUploadCoordinator.swift in Sources */,
				7EC7328F21907E3F00FED2E6 /* GutenbergViewController.swift in Sources */,
			);
			runOnlyForDeploymentPostprocessing = 0;
		};
/* End PBXSourcesBuildPhase section */

/* Begin PBXTargetDependency section */
		00E356F51AD99517003FC87E /* PBXTargetDependency */ = {
			isa = PBXTargetDependency;
			target = 13B07F861A680F5B00A75B9A /* GutenbergDemo */;
			targetProxy = 00E356F41AD99517003FC87E /* PBXContainerItemProxy */;
		};
/* End PBXTargetDependency section */

/* Begin XCBuildConfiguration section */
		00E356F61AD99517003FC87E /* Debug */ = {
			isa = XCBuildConfiguration;
			baseConfigurationReference = FC32E740B1F0D56A0F2971E7 /* Pods-GutenbergDemo-GutenbergDemoTests.debug.xcconfig */;
			buildSettings = {
				BUNDLE_LOADER = "$(TEST_HOST)";
				GCC_PREPROCESSOR_DEFINITIONS = (
					"DEBUG=1",
					"$(inherited)",
				);
				HEADER_SEARCH_PATHS = (
					"$(inherited)",
					"$(SRCROOT)/../react-native-aztec/example/iOS/example",
					"$(SRCROOT)/../node_modules/react-native-svg/ios/**",
					"$(SRCROOT)/../node_modules/react-native-safe-area/ios/RNSafeArea",
					"$(SRCROOT)/../node_modules/react-native-video/ios/**",
				);
				INFOPLIST_FILE = gutenbergTests/Info.plist;
				IPHONEOS_DEPLOYMENT_TARGET = 8.0;
				LD_RUNPATH_SEARCH_PATHS = "$(inherited) @executable_path/Frameworks @loader_path/Frameworks";
				LIBRARY_SEARCH_PATHS = (
					"$(inherited)",
					"\"$(SRCROOT)/$(TARGET_NAME)\"",
					"\"$(SRCROOT)/$(TARGET_NAME)\"",
					"\"$(SRCROOT)/$(TARGET_NAME)\"",
					"\"$(SRCROOT)/$(TARGET_NAME)\"",
					"\"$(SRCROOT)/$(TARGET_NAME)\"",
				);
				OTHER_LDFLAGS = (
					"-ObjC",
					"-lc++",
					"$(inherited)",
				);
				PRODUCT_NAME = "$(TARGET_NAME)";
				TEST_HOST = "$(BUILT_PRODUCTS_DIR)/GutenbergDemo.app/GutenbergDemo";
			};
			name = Debug;
		};
		00E356F71AD99517003FC87E /* Release */ = {
			isa = XCBuildConfiguration;
			baseConfigurationReference = 4EC14D7D4E04A462CB8AC230 /* Pods-GutenbergDemo-GutenbergDemoTests.release.xcconfig */;
			buildSettings = {
				BUNDLE_LOADER = "$(TEST_HOST)";
				COPY_PHASE_STRIP = NO;
				HEADER_SEARCH_PATHS = (
					"$(inherited)",
					"$(SRCROOT)/../react-native-aztec/example/iOS/example",
					"$(SRCROOT)/../node_modules/react-native-svg/ios/**",
					"$(SRCROOT)/../node_modules/react-native-safe-area/ios/RNSafeArea",
					"$(SRCROOT)/../node_modules/react-native-video/ios/**",
				);
				INFOPLIST_FILE = gutenbergTests/Info.plist;
				IPHONEOS_DEPLOYMENT_TARGET = 8.0;
				LD_RUNPATH_SEARCH_PATHS = "$(inherited) @executable_path/Frameworks @loader_path/Frameworks";
				LIBRARY_SEARCH_PATHS = (
					"$(inherited)",
					"\"$(SRCROOT)/$(TARGET_NAME)\"",
					"\"$(SRCROOT)/$(TARGET_NAME)\"",
					"\"$(SRCROOT)/$(TARGET_NAME)\"",
					"\"$(SRCROOT)/$(TARGET_NAME)\"",
					"\"$(SRCROOT)/$(TARGET_NAME)\"",
				);
				OTHER_LDFLAGS = (
					"-ObjC",
					"-lc++",
					"$(inherited)",
				);
				PRODUCT_NAME = "$(TARGET_NAME)";
				TEST_HOST = "$(BUILT_PRODUCTS_DIR)/GutenbergDemo.app/GutenbergDemo";
			};
			name = Release;
		};
		13B07F941A680F5B00A75B9A /* Debug */ = {
			isa = XCBuildConfiguration;
			baseConfigurationReference = F2F167661C7FE694D2639A72 /* Pods-GutenbergDemo.debug.xcconfig */;
			buildSettings = {
				ASSETCATALOG_COMPILER_APPICON_NAME = AppIcon;
				CLANG_ENABLE_MODULES = YES;
				CODE_SIGN_IDENTITY = "iPhone Developer";
				CODE_SIGN_STYLE = Manual;
				CURRENT_PROJECT_VERSION = 1;
				DEAD_CODE_STRIPPING = NO;
				DEVELOPMENT_TEAM = PZYM8XX95Q;
				HEADER_SEARCH_PATHS = (
					"$(inherited)",
					/usr/include/libxml2,
					"$(SRCROOT)/../react-native-aztec/example/iOS/example",
					"$(SRCROOT)/../node_modules/react-native-svg/ios/**",
					"$(SRCROOT)/../react-native-gutenberg-bridge/ios/**",
					"$(SRCROOT)/../react-native-aztec/ios/**",
					"$(SRCROOT)/../node_modules/react-native-safe-area/ios/RNSafeArea",
					"$(SRCROOT)/../node_modules/react-native-video/ios/**",
				);
				INFOPLIST_FILE = GutenbergDemo/Info.plist;
				IPHONEOS_DEPLOYMENT_TARGET = 13.0;
				LD_RUNPATH_SEARCH_PATHS = "$(inherited) @executable_path/Frameworks";
				LIBRARY_SEARCH_PATHS = "$(PROJECT_DIR)";
				OTHER_LDFLAGS = (
					"$(inherited)",
					"-ObjC",
					"-lc++",
				);
				PRODUCT_BUNDLE_IDENTIFIER = org.wordpress.gutenberg.development;
				PRODUCT_NAME = GutenbergDemo;
				PROVISIONING_PROFILE_SPECIFIER = "Gutenberg Development";
				SWIFT_OBJC_BRIDGING_HEADER = "gutenberg-Bridging-Header.h";
				SWIFT_OPTIMIZATION_LEVEL = "-Onone";
				SWIFT_VERSION = 5.0;
				TARGETED_DEVICE_FAMILY = "1,2";
				VERSIONING_SYSTEM = "apple-generic";
			};
			name = Debug;
		};
		13B07F951A680F5B00A75B9A /* Release */ = {
			isa = XCBuildConfiguration;
			baseConfigurationReference = AC045626571B657FA384BB16 /* Pods-GutenbergDemo.release.xcconfig */;
			buildSettings = {
				ASSETCATALOG_COMPILER_APPICON_NAME = AppIcon;
				CLANG_ENABLE_MODULES = YES;
				CODE_SIGN_IDENTITY = "iPhone Developer";
				CODE_SIGN_STYLE = Manual;
				CURRENT_PROJECT_VERSION = 1;
				DEVELOPMENT_TEAM = PZYM8XX95Q;
				HEADER_SEARCH_PATHS = (
					"$(inherited)",
					/usr/include/libxml2,
				);
				INFOPLIST_FILE = GutenbergDemo/Info.plist;
				IPHONEOS_DEPLOYMENT_TARGET = 13.0;
				LD_RUNPATH_SEARCH_PATHS = "$(inherited) @executable_path/Frameworks";
				LIBRARY_SEARCH_PATHS = "$(PROJECT_DIR)";
				OTHER_LDFLAGS = (
					"$(inherited)",
					"-ObjC",
					"-lc++",
				);
				PRODUCT_BUNDLE_IDENTIFIER = org.wordpress.gutenberg.development;
				PRODUCT_NAME = GutenbergDemo;
				PROVISIONING_PROFILE_SPECIFIER = "Gutenberg Development";
				SWIFT_OBJC_BRIDGING_HEADER = "gutenberg-Bridging-Header.h";
				SWIFT_VERSION = 5.0;
				TARGETED_DEVICE_FAMILY = "1,2";
				VERSIONING_SYSTEM = "apple-generic";
			};
			name = Release;
		};
		83CBBA201A601CBA00E9B192 /* Debug */ = {
			isa = XCBuildConfiguration;
			buildSettings = {
				ALWAYS_SEARCH_USER_PATHS = NO;
				CLANG_CXX_LANGUAGE_STANDARD = "gnu++0x";
				CLANG_CXX_LIBRARY = "libc++";
				CLANG_ENABLE_MODULES = YES;
				CLANG_ENABLE_OBJC_ARC = YES;
				CLANG_WARN_BOOL_CONVERSION = YES;
				CLANG_WARN_CONSTANT_CONVERSION = YES;
				CLANG_WARN_DIRECT_OBJC_ISA_USAGE = YES_ERROR;
				CLANG_WARN_EMPTY_BODY = YES;
				CLANG_WARN_ENUM_CONVERSION = YES;
				CLANG_WARN_INT_CONVERSION = YES;
				CLANG_WARN_OBJC_ROOT_CLASS = YES_ERROR;
				CLANG_WARN_UNREACHABLE_CODE = YES;
				CLANG_WARN__DUPLICATE_METHOD_MATCH = YES;
				"CODE_SIGN_IDENTITY[sdk=iphoneos*]" = "iPhone Developer";
				COPY_PHASE_STRIP = NO;
				ENABLE_STRICT_OBJC_MSGSEND = YES;
				"EXCLUDED_ARCHS[sdk=iphonesimulator*]" = "";
				GCC_C_LANGUAGE_STANDARD = gnu99;
				GCC_DYNAMIC_NO_PIC = NO;
				GCC_OPTIMIZATION_LEVEL = 0;
				GCC_PREPROCESSOR_DEFINITIONS = (
					"DEBUG=1",
					"$(inherited)",
				);
				GCC_SYMBOLS_PRIVATE_EXTERN = NO;
				GCC_WARN_64_TO_32_BIT_CONVERSION = YES;
				GCC_WARN_ABOUT_RETURN_TYPE = YES_ERROR;
				GCC_WARN_UNDECLARED_SELECTOR = YES;
				GCC_WARN_UNINITIALIZED_AUTOS = YES_AGGRESSIVE;
				GCC_WARN_UNUSED_FUNCTION = YES;
				GCC_WARN_UNUSED_VARIABLE = YES;
				IPHONEOS_DEPLOYMENT_TARGET = 11.0;
				MTL_ENABLE_DEBUG_INFO = YES;
				ONLY_ACTIVE_ARCH = YES;
				SDKROOT = iphoneos;
				SWIFT_VERSION = 5.0;
			};
			name = Debug;
		};
		83CBBA211A601CBA00E9B192 /* Release */ = {
			isa = XCBuildConfiguration;
			buildSettings = {
				ALWAYS_SEARCH_USER_PATHS = NO;
				CLANG_CXX_LANGUAGE_STANDARD = "gnu++0x";
				CLANG_CXX_LIBRARY = "libc++";
				CLANG_ENABLE_MODULES = YES;
				CLANG_ENABLE_OBJC_ARC = YES;
				CLANG_WARN_BOOL_CONVERSION = YES;
				CLANG_WARN_CONSTANT_CONVERSION = YES;
				CLANG_WARN_DIRECT_OBJC_ISA_USAGE = YES_ERROR;
				CLANG_WARN_EMPTY_BODY = YES;
				CLANG_WARN_ENUM_CONVERSION = YES;
				CLANG_WARN_INT_CONVERSION = YES;
				CLANG_WARN_OBJC_ROOT_CLASS = YES_ERROR;
				CLANG_WARN_UNREACHABLE_CODE = YES;
				CLANG_WARN__DUPLICATE_METHOD_MATCH = YES;
				"CODE_SIGN_IDENTITY[sdk=iphoneos*]" = "iPhone Developer";
				COPY_PHASE_STRIP = YES;
				ENABLE_NS_ASSERTIONS = NO;
				ENABLE_STRICT_OBJC_MSGSEND = YES;
				"EXCLUDED_ARCHS[sdk=iphonesimulator*]" = "";
				GCC_C_LANGUAGE_STANDARD = gnu99;
				GCC_WARN_64_TO_32_BIT_CONVERSION = YES;
				GCC_WARN_ABOUT_RETURN_TYPE = YES_ERROR;
				GCC_WARN_UNDECLARED_SELECTOR = YES;
				GCC_WARN_UNINITIALIZED_AUTOS = YES_AGGRESSIVE;
				GCC_WARN_UNUSED_FUNCTION = YES;
				GCC_WARN_UNUSED_VARIABLE = YES;
				IPHONEOS_DEPLOYMENT_TARGET = 11.0;
				MTL_ENABLE_DEBUG_INFO = NO;
				SDKROOT = iphoneos;
				SWIFT_VERSION = 5.0;
				VALIDATE_PRODUCT = YES;
			};
			name = Release;
		};
/* End XCBuildConfiguration section */

/* Begin XCConfigurationList section */
		00E357021AD99517003FC87E /* Build configuration list for PBXNativeTarget "GutenbergDemoTests" */ = {
			isa = XCConfigurationList;
			buildConfigurations = (
				00E356F61AD99517003FC87E /* Debug */,
				00E356F71AD99517003FC87E /* Release */,
			);
			defaultConfigurationIsVisible = 0;
			defaultConfigurationName = Release;
		};
		13B07F931A680F5B00A75B9A /* Build configuration list for PBXNativeTarget "GutenbergDemo" */ = {
			isa = XCConfigurationList;
			buildConfigurations = (
				13B07F941A680F5B00A75B9A /* Debug */,
				13B07F951A680F5B00A75B9A /* Release */,
			);
			defaultConfigurationIsVisible = 0;
			defaultConfigurationName = Release;
		};
		83CBB9FA1A601CBA00E9B192 /* Build configuration list for PBXProject "GutenbergDemo" */ = {
			isa = XCConfigurationList;
			buildConfigurations = (
				83CBBA201A601CBA00E9B192 /* Debug */,
				83CBBA211A601CBA00E9B192 /* Release */,
			);
			defaultConfigurationIsVisible = 0;
			defaultConfigurationName = Release;
		};
/* End XCConfigurationList section */
	};
	rootObject = 83CBB9F71A601CBA00E9B192 /* Project object */;
}
