{
	"name": "@wordpress/font-library",
	"version": "1.0.0",
	"lockfileVersion": 3,
	"requires": true,
	"packages": {
		"": {
			"name": "@wordpress/font-library",
			"version": "1.0.0",
			"license": "GPL-2.0-or-later",
			"dependencies": {
				"@babel/runtime": "^7.16.0",
				"@wordpress/a11y": "file:../a11y",
				"@wordpress/api-fetch": "file:../api-fetch",
				"@wordpress/blob": "file:../blob",
				"@wordpress/block-editor": "file:../block-editor",
				"@wordpress/block-library": "file:../block-library",
				"@wordpress/blocks": "file:../blocks",
				"@wordpress/commands": "file:../commands",
				"@wordpress/components": "file:../components",
				"@wordpress/compose": "file:../compose",
				"@wordpress/core-commands": "file:../core-commands",
				"@wordpress/core-data": "file:../core-data",
				"@wordpress/data": "file:../data",
				"@wordpress/dataviews": "file:../dataviews",
				"@wordpress/date": "file:../date",
				"@wordpress/deprecated": "file:../deprecated",
				"@wordpress/dom": "file:../dom",
				"@wordpress/editor": "file:../editor",
				"@wordpress/element": "file:../element",
				"@wordpress/escape-html": "file:../escape-html",
				"@wordpress/hooks": "file:../hooks",
				"@wordpress/html-entities": "file:../html-entities",
				"@wordpress/i18n": "file:../i18n",
				"@wordpress/icons": "file:../icons",
				"@wordpress/interface": "file:../interface",
				"@wordpress/keyboard-shortcuts": "file:../keyboard-shortcuts",
				"@wordpress/keycodes": "file:../keycodes",
				"@wordpress/media-utils": "file:../media-utils",
				"@wordpress/notices": "file:../notices",
				"@wordpress/patterns": "file:../patterns",
				"@wordpress/plugins": "file:../plugins",
				"@wordpress/preferences": "file:../preferences",
				"@wordpress/primitives": "file:../primitives",
				"@wordpress/private-apis": "file:../private-apis",
				"@wordpress/reusable-blocks": "file:../reusable-blocks",
				"@wordpress/router": "file:../router",
				"@wordpress/style-engine": "file:../style-engine",
				"@wordpress/url": "file:../url",
				"@wordpress/viewport": "file:../viewport",
				"@wordpress/widgets": "file:../widgets",
				"@wordpress/wordcount": "file:../wordcount",
				"change-case": "^4.1.2",
				"classnames": "^2.3.1",
				"colord": "^2.9.2",
				"deepmerge": "^4.3.0",
				"fast-deep-equal": "^3.1.3",
				"is-plain-object": "^5.0.0",
				"memize": "^2.1.0",
				"react-autosize-textarea": "^7.1.0",
				"rememo": "^4.0.2",
				"remove-accents": "^0.5.0"
			},
			"engines": {
				"node": ">=12"
			},
			"peerDependencies": {
				"react": "^18.0.0",
				"react-dom": "^18.0.0"
			}
		},
		"../a11y": {
			"version": "3.50.0",
			"license": "GPL-2.0-or-later",
			"dependencies": {
				"@babel/runtime": "^7.16.0",
				"@wordpress/dom-ready": "file:../dom-ready",
				"@wordpress/i18n": "file:../i18n"
			},
			"engines": {
				"node": ">=12"
			}
		},
		"../api-fetch": {
			"version": "6.47.0",
			"license": "GPL-2.0-or-later",
			"dependencies": {
				"@babel/runtime": "^7.16.0",
				"@wordpress/i18n": "file:../i18n",
				"@wordpress/url": "file:../url"
			},
			"engines": {
				"node": ">=12"
			}
		},
		"../blob": {
			"version": "3.50.0",
			"license": "GPL-2.0-or-later",
			"dependencies": {
				"@babel/runtime": "^7.16.0"
			},
			"engines": {
				"node": ">=12"
			}
		},
		"../block-editor": {
			"version": "12.18.1",
			"license": "GPL-2.0-or-later",
			"dependencies": {
				"@babel/runtime": "^7.16.0",
				"@emotion/react": "^11.7.1",
				"@emotion/styled": "^11.6.0",
				"@react-spring/web": "^9.4.5",
				"@wordpress/a11y": "file:../a11y",
				"@wordpress/api-fetch": "file:../api-fetch",
				"@wordpress/blob": "file:../blob",
				"@wordpress/blocks": "file:../blocks",
				"@wordpress/commands": "file:../commands",
				"@wordpress/components": "file:../components",
				"@wordpress/compose": "file:../compose",
				"@wordpress/data": "file:../data",
				"@wordpress/date": "file:../date",
				"@wordpress/deprecated": "file:../deprecated",
				"@wordpress/dom": "file:../dom",
				"@wordpress/element": "file:../element",
				"@wordpress/escape-html": "file:../escape-html",
				"@wordpress/hooks": "file:../hooks",
				"@wordpress/html-entities": "file:../html-entities",
				"@wordpress/i18n": "file:../i18n",
				"@wordpress/icons": "file:../icons",
				"@wordpress/is-shallow-equal": "file:../is-shallow-equal",
				"@wordpress/keyboard-shortcuts": "file:../keyboard-shortcuts",
				"@wordpress/keycodes": "file:../keycodes",
				"@wordpress/notices": "file:../notices",
				"@wordpress/preferences": "file:../preferences",
				"@wordpress/private-apis": "file:../private-apis",
				"@wordpress/rich-text": "file:../rich-text",
				"@wordpress/style-engine": "file:../style-engine",
				"@wordpress/token-list": "file:../token-list",
				"@wordpress/url": "file:../url",
				"@wordpress/warning": "file:../warning",
				"@wordpress/wordcount": "file:../wordcount",
				"change-case": "^4.1.2",
				"classnames": "^2.3.1",
				"colord": "^2.7.0",
				"deepmerge": "^4.3.0",
				"diff": "^4.0.2",
				"dom-scroll-into-view": "^1.2.1",
				"fast-deep-equal": "^3.1.3",
				"memize": "^2.1.0",
				"postcss": "^8.4.21",
				"postcss-prefixwrap": "^1.41.0",
				"postcss-urlrebase": "^1.0.0",
				"react-autosize-textarea": "^7.1.0",
				"react-easy-crop": "^4.5.1",
				"rememo": "^4.0.2",
				"remove-accents": "^0.5.0"
			},
			"engines": {
				"node": ">=12"
			},
			"peerDependencies": {
				"react": "^18.0.0",
				"react-dom": "^18.0.0"
			}
		},
		"../block-library": {
			"version": "8.27.1",
			"license": "GPL-2.0-or-later",
			"dependencies": {
				"@babel/runtime": "^7.16.0",
				"@wordpress/a11y": "file:../a11y",
				"@wordpress/api-fetch": "file:../api-fetch",
				"@wordpress/autop": "file:../autop",
				"@wordpress/blob": "file:../blob",
				"@wordpress/block-editor": "file:../block-editor",
				"@wordpress/blocks": "file:../blocks",
				"@wordpress/components": "file:../components",
				"@wordpress/compose": "file:../compose",
				"@wordpress/core-data": "file:../core-data",
				"@wordpress/data": "file:../data",
				"@wordpress/date": "file:../date",
				"@wordpress/deprecated": "file:../deprecated",
				"@wordpress/dom": "file:../dom",
				"@wordpress/element": "file:../element",
				"@wordpress/escape-html": "file:../escape-html",
				"@wordpress/hooks": "file:../hooks",
				"@wordpress/html-entities": "file:../html-entities",
				"@wordpress/i18n": "file:../i18n",
				"@wordpress/icons": "file:../icons",
				"@wordpress/interactivity": "file:../interactivity",
				"@wordpress/interactivity-router": "file:../interactivity-router",
				"@wordpress/keycodes": "file:../keycodes",
				"@wordpress/notices": "file:../notices",
				"@wordpress/patterns": "file:../patterns",
				"@wordpress/primitives": "file:../primitives",
				"@wordpress/private-apis": "file:../private-apis",
				"@wordpress/reusable-blocks": "file:../reusable-blocks",
				"@wordpress/rich-text": "file:../rich-text",
				"@wordpress/server-side-render": "file:../server-side-render",
				"@wordpress/url": "file:../url",
				"@wordpress/viewport": "file:../viewport",
				"@wordpress/wordcount": "file:../wordcount",
				"change-case": "^4.1.2",
				"classnames": "^2.3.1",
				"colord": "^2.7.0",
				"escape-html": "^1.0.3",
				"fast-average-color": "^9.1.1",
				"fast-deep-equal": "^3.1.3",
				"memize": "^2.1.0",
				"remove-accents": "^0.5.0",
				"uuid": "^9.0.1"
			},
			"engines": {
				"node": ">=12"
			},
			"peerDependencies": {
				"react": "^18.0.0",
				"react-dom": "^18.0.0"
			}
		},
		"../blocks": {
			"version": "12.27.1",
			"license": "GPL-2.0-or-later",
			"dependencies": {
				"@babel/runtime": "^7.16.0",
				"@wordpress/autop": "file:../autop",
				"@wordpress/blob": "file:../blob",
				"@wordpress/block-serialization-default-parser": "file:../block-serialization-default-parser",
				"@wordpress/compose": "file:../compose",
				"@wordpress/data": "file:../data",
				"@wordpress/deprecated": "file:../deprecated",
				"@wordpress/dom": "file:../dom",
				"@wordpress/element": "file:../element",
				"@wordpress/hooks": "file:../hooks",
				"@wordpress/html-entities": "file:../html-entities",
				"@wordpress/i18n": "file:../i18n",
				"@wordpress/is-shallow-equal": "file:../is-shallow-equal",
				"@wordpress/private-apis": "file:../private-apis",
				"@wordpress/rich-text": "file:../rich-text",
				"@wordpress/shortcode": "file:../shortcode",
				"change-case": "^4.1.2",
				"colord": "^2.7.0",
				"fast-deep-equal": "^3.1.3",
				"hpq": "^1.3.0",
				"is-plain-object": "^5.0.0",
				"memize": "^2.1.0",
				"react-is": "^18.2.0",
				"rememo": "^4.0.2",
				"remove-accents": "^0.5.0",
				"showdown": "^1.9.1",
				"simple-html-tokenizer": "^0.5.7",
				"uuid": "^9.0.1"
			},
			"engines": {
				"node": ">=12"
			},
			"peerDependencies": {
				"react": "^18.0.0"
			}
		},
		"../commands": {
			"version": "0.21.0",
			"license": "GPL-2.0-or-later",
			"dependencies": {
				"@babel/runtime": "^7.16.0",
				"@wordpress/components": "file:../components",
				"@wordpress/data": "file:../data",
				"@wordpress/element": "file:../element",
				"@wordpress/i18n": "file:../i18n",
				"@wordpress/icons": "file:../icons",
				"@wordpress/keyboard-shortcuts": "file:../keyboard-shortcuts",
				"@wordpress/private-apis": "file:../private-apis",
				"classnames": "^2.3.1",
				"cmdk": "^0.2.0",
				"rememo": "^4.0.2"
			},
			"engines": {
				"node": ">=12"
			},
			"peerDependencies": {
				"react": "^18.0.0",
				"react-dom": "^18.0.0"
			}
		},
		"../components": {
			"version": "25.16.0",
			"license": "GPL-2.0-or-later",
			"dependencies": {
				"@ariakit/react": "^0.3.12",
				"@babel/runtime": "^7.16.0",
				"@emotion/cache": "^11.7.1",
				"@emotion/css": "^11.7.1",
				"@emotion/react": "^11.7.1",
				"@emotion/serialize": "^1.0.2",
				"@emotion/styled": "^11.6.0",
				"@emotion/utils": "^1.0.0",
				"@floating-ui/react-dom": "^2.0.1",
				"@types/gradient-parser": "0.1.3",
				"@types/highlight-words-core": "1.2.1",
				"@use-gesture/react": "^10.2.24",
				"@wordpress/a11y": "file:../a11y",
				"@wordpress/compose": "file:../compose",
				"@wordpress/date": "file:../date",
				"@wordpress/deprecated": "file:../deprecated",
				"@wordpress/dom": "file:../dom",
				"@wordpress/element": "file:../element",
				"@wordpress/escape-html": "file:../escape-html",
				"@wordpress/hooks": "file:../hooks",
				"@wordpress/html-entities": "file:../html-entities",
				"@wordpress/i18n": "file:../i18n",
				"@wordpress/icons": "file:../icons",
				"@wordpress/is-shallow-equal": "file:../is-shallow-equal",
				"@wordpress/keycodes": "file:../keycodes",
				"@wordpress/primitives": "file:../primitives",
				"@wordpress/private-apis": "file:../private-apis",
				"@wordpress/rich-text": "file:../rich-text",
				"@wordpress/warning": "file:../warning",
				"change-case": "^4.1.2",
				"classnames": "^2.3.1",
				"colord": "^2.7.0",
				"date-fns": "^2.28.0",
				"deepmerge": "^4.3.0",
				"dom-scroll-into-view": "^1.2.1",
				"downshift": "^6.0.15",
				"fast-deep-equal": "^3.1.3",
				"framer-motion": "^10.13.0",
				"gradient-parser": "^0.1.5",
				"highlight-words-core": "^1.2.2",
				"is-plain-object": "^5.0.0",
				"memize": "^2.1.0",
				"path-to-regexp": "^6.2.1",
				"re-resizable": "^6.4.0",
				"react-colorful": "^5.3.1",
				"reakit": "^1.3.11",
				"remove-accents": "^0.5.0",
				"use-lilius": "^2.0.1",
				"uuid": "^9.0.1",
				"valtio": "1.7.0"
			},
			"engines": {
				"node": ">=12"
			},
			"peerDependencies": {
				"react": "^18.0.0",
				"react-dom": "^18.0.0"
			}
		},
		"../compose": {
			"version": "6.27.0",
			"license": "GPL-2.0-or-later",
			"dependencies": {
				"@babel/runtime": "^7.16.0",
				"@types/mousetrap": "^1.6.8",
				"@wordpress/deprecated": "file:../deprecated",
				"@wordpress/dom": "file:../dom",
				"@wordpress/element": "file:../element",
				"@wordpress/is-shallow-equal": "file:../is-shallow-equal",
				"@wordpress/keycodes": "file:../keycodes",
				"@wordpress/priority-queue": "file:../priority-queue",
				"@wordpress/undo-manager": "file:../undo-manager",
				"change-case": "^4.1.2",
				"clipboard": "^2.0.11",
				"mousetrap": "^1.6.5",
				"use-memo-one": "^1.1.1"
			},
			"engines": {
				"node": ">=12"
			},
			"peerDependencies": {
				"react": "^18.0.0"
			}
		},
		"../core-commands": {
			"version": "0.19.1",
			"license": "GPL-2.0-or-later",
			"dependencies": {
				"@babel/runtime": "^7.16.0",
				"@wordpress/block-editor": "file:../block-editor",
				"@wordpress/commands": "file:../commands",
				"@wordpress/core-data": "file:../core-data",
				"@wordpress/data": "file:../data",
				"@wordpress/element": "file:../element",
				"@wordpress/i18n": "file:../i18n",
				"@wordpress/icons": "file:../icons",
				"@wordpress/private-apis": "file:../private-apis",
				"@wordpress/router": "file:../router",
				"@wordpress/url": "file:../url"
			},
			"engines": {
				"node": ">=12"
			},
			"peerDependencies": {
				"react": "^18.0.0",
				"react-dom": "^18.0.0"
			}
		},
		"../core-data": {
			"version": "6.27.1",
			"license": "GPL-2.0-or-later",
			"dependencies": {
				"@babel/runtime": "^7.16.0",
				"@wordpress/api-fetch": "file:../api-fetch",
				"@wordpress/block-editor": "file:../block-editor",
				"@wordpress/blocks": "file:../blocks",
				"@wordpress/compose": "file:../compose",
				"@wordpress/data": "file:../data",
				"@wordpress/deprecated": "file:../deprecated",
				"@wordpress/element": "file:../element",
				"@wordpress/html-entities": "file:../html-entities",
				"@wordpress/i18n": "file:../i18n",
				"@wordpress/is-shallow-equal": "file:../is-shallow-equal",
				"@wordpress/private-apis": "file:../private-apis",
				"@wordpress/rich-text": "file:../rich-text",
				"@wordpress/sync": "file:../sync",
				"@wordpress/undo-manager": "file:../undo-manager",
				"@wordpress/url": "file:../url",
				"change-case": "^4.1.2",
				"equivalent-key-map": "^0.2.2",
				"fast-deep-equal": "^3.1.3",
				"memize": "^2.1.0",
				"rememo": "^4.0.2",
				"uuid": "^9.0.1"
			},
			"engines": {
				"node": ">=12"
			},
			"peerDependencies": {
				"react": "^18.0.0",
				"react-dom": "^18.0.0"
			}
		},
		"../data": {
			"version": "9.20.0",
			"license": "GPL-2.0-or-later",
			"dependencies": {
				"@babel/runtime": "^7.16.0",
				"@wordpress/compose": "file:../compose",
				"@wordpress/deprecated": "file:../deprecated",
				"@wordpress/element": "file:../element",
				"@wordpress/is-shallow-equal": "file:../is-shallow-equal",
				"@wordpress/priority-queue": "file:../priority-queue",
				"@wordpress/private-apis": "file:../private-apis",
				"@wordpress/redux-routine": "file:../redux-routine",
				"deepmerge": "^4.3.0",
				"equivalent-key-map": "^0.2.2",
				"is-plain-object": "^5.0.0",
				"is-promise": "^4.0.0",
				"redux": "^4.1.2",
				"rememo": "^4.0.2",
				"use-memo-one": "^1.1.1"
			},
			"engines": {
				"node": ">=12"
			},
			"peerDependencies": {
				"react": "^18.0.0"
			}
		},
		"../dataviews": {
			"version": "0.4.0",
			"license": "GPL-2.0-or-later",
			"dependencies": {
				"@babel/runtime": "^7.16.0",
				"@wordpress/a11y": "file:../a11y",
				"@wordpress/components": "file:../components",
				"@wordpress/compose": "file:../compose",
				"@wordpress/element": "file:../element",
				"@wordpress/i18n": "file:../i18n",
				"@wordpress/icons": "file:../icons",
				"@wordpress/keycodes": "file:../keycodes",
				"@wordpress/primitives": "file:../primitives",
				"@wordpress/private-apis": "file:../private-apis",
				"classnames": "^2.3.1",
				"remove-accents": "^0.5.0"
			},
			"engines": {
				"node": ">=12"
			},
			"peerDependencies": {
				"react": "^18.0.0"
			}
		},
		"../date": {
			"version": "4.50.0",
			"license": "GPL-2.0-or-later",
			"dependencies": {
				"@babel/runtime": "^7.16.0",
				"@wordpress/deprecated": "file:../deprecated",
				"moment": "^2.29.4",
				"moment-timezone": "^0.5.40"
			},
			"engines": {
				"node": ">=12"
			}
		},
		"../deprecated": {
			"version": "3.50.0",
			"license": "GPL-2.0-or-later",
			"dependencies": {
				"@babel/runtime": "^7.16.0",
				"@wordpress/hooks": "file:../hooks"
			},
			"engines": {
				"node": ">=12"
			}
		},
		"../dom": {
			"version": "3.50.0",
			"license": "GPL-2.0-or-later",
			"dependencies": {
				"@babel/runtime": "^7.16.0",
				"@wordpress/deprecated": "file:../deprecated"
			},
			"engines": {
				"node": ">=12"
			}
		},
		"../editor": {
			"version": "13.27.1",
			"license": "GPL-2.0-or-later",
			"dependencies": {
				"@babel/runtime": "^7.16.0",
				"@wordpress/a11y": "file:../a11y",
				"@wordpress/api-fetch": "file:../api-fetch",
				"@wordpress/blob": "file:../blob",
				"@wordpress/block-editor": "file:../block-editor",
				"@wordpress/blocks": "file:../blocks",
				"@wordpress/commands": "file:../commands",
				"@wordpress/components": "file:../components",
				"@wordpress/compose": "file:../compose",
				"@wordpress/core-data": "file:../core-data",
				"@wordpress/data": "file:../data",
				"@wordpress/date": "file:../date",
				"@wordpress/deprecated": "file:../deprecated",
				"@wordpress/dom": "file:../dom",
				"@wordpress/element": "file:../element",
				"@wordpress/hooks": "file:../hooks",
				"@wordpress/html-entities": "file:../html-entities",
				"@wordpress/i18n": "file:../i18n",
				"@wordpress/icons": "file:../icons",
				"@wordpress/keyboard-shortcuts": "file:../keyboard-shortcuts",
				"@wordpress/keycodes": "file:../keycodes",
				"@wordpress/media-utils": "file:../media-utils",
				"@wordpress/notices": "file:../notices",
				"@wordpress/patterns": "file:../patterns",
				"@wordpress/preferences": "file:../preferences",
				"@wordpress/private-apis": "file:../private-apis",
				"@wordpress/reusable-blocks": "file:../reusable-blocks",
				"@wordpress/rich-text": "file:../rich-text",
				"@wordpress/server-side-render": "file:../server-side-render",
				"@wordpress/url": "file:../url",
				"@wordpress/wordcount": "file:../wordcount",
				"classnames": "^2.3.1",
				"date-fns": "^2.28.0",
				"memize": "^2.1.0",
				"react-autosize-textarea": "^7.1.0",
				"rememo": "^4.0.2",
				"remove-accents": "^0.5.0"
			},
			"engines": {
				"node": ">=12"
			},
			"peerDependencies": {
				"react": "^18.0.0",
				"react-dom": "^18.0.0"
			}
		},
		"../element": {
			"version": "5.27.0",
			"license": "GPL-2.0-or-later",
			"dependencies": {
				"@babel/runtime": "^7.16.0",
				"@types/react": "^18.0.21",
				"@types/react-dom": "^18.0.6",
				"@wordpress/escape-html": "file:../escape-html",
				"change-case": "^4.1.2",
				"is-plain-object": "^5.0.0",
				"react": "^18.2.0",
				"react-dom": "^18.2.0"
			},
			"engines": {
				"node": ">=12"
			}
		},
		"../escape-html": {
			"version": "2.50.0",
			"license": "GPL-2.0-or-later",
			"dependencies": {
				"@babel/runtime": "^7.16.0"
			},
			"engines": {
				"node": ">=12"
			}
		},
		"../hooks": {
			"version": "3.50.0",
			"license": "GPL-2.0-or-later",
			"dependencies": {
				"@babel/runtime": "^7.16.0"
			},
			"engines": {
				"node": ">=12"
			}
		},
		"../html-entities": {
			"version": "3.50.0",
			"license": "GPL-2.0-or-later",
			"dependencies": {
				"@babel/runtime": "^7.16.0"
			},
			"engines": {
				"node": ">=12"
			}
		},
		"../i18n": {
			"version": "4.50.0",
			"license": "GPL-2.0-or-later",
			"dependencies": {
				"@babel/runtime": "^7.16.0",
				"@wordpress/hooks": "file:../hooks",
				"gettext-parser": "^1.3.1",
				"memize": "^2.1.0",
				"sprintf-js": "^1.1.1",
				"tannin": "^1.2.0"
			},
			"bin": {
				"pot-to-php": "tools/pot-to-php.js"
			},
			"engines": {
				"node": ">=12"
			}
		},
		"../icons": {
			"version": "9.41.0",
			"license": "GPL-2.0-or-later",
			"dependencies": {
				"@babel/runtime": "^7.16.0",
				"@wordpress/element": "file:../element",
				"@wordpress/primitives": "file:../primitives"
			},
			"engines": {
				"node": ">=12"
			}
		},
		"../interface": {
			"version": "5.27.0",
			"license": "GPL-2.0-or-later",
			"dependencies": {
				"@babel/runtime": "^7.16.0",
				"@wordpress/a11y": "file:../a11y",
				"@wordpress/components": "file:../components",
				"@wordpress/compose": "file:../compose",
				"@wordpress/data": "file:../data",
				"@wordpress/deprecated": "file:../deprecated",
				"@wordpress/element": "file:../element",
				"@wordpress/i18n": "file:../i18n",
				"@wordpress/icons": "file:../icons",
				"@wordpress/plugins": "file:../plugins",
				"@wordpress/preferences": "file:../preferences",
				"@wordpress/private-apis": "file:../private-apis",
				"@wordpress/viewport": "file:../viewport",
				"classnames": "^2.3.1"
			},
			"engines": {
				"node": ">=12"
			},
			"peerDependencies": {
				"react": "^18.0.0",
				"react-dom": "^18.0.0"
			}
		},
		"../keyboard-shortcuts": {
			"version": "4.27.0",
			"license": "GPL-2.0-or-later",
			"dependencies": {
				"@babel/runtime": "^7.16.0",
				"@wordpress/data": "file:../data",
				"@wordpress/element": "file:../element",
				"@wordpress/keycodes": "file:../keycodes",
				"rememo": "^4.0.2"
			},
			"engines": {
				"node": ">=12"
			},
			"peerDependencies": {
				"react": "^18.0.0"
			}
		},
		"../keycodes": {
			"version": "3.50.0",
			"license": "GPL-2.0-or-later",
			"dependencies": {
				"@babel/runtime": "^7.16.0",
				"@wordpress/i18n": "file:../i18n"
			},
			"engines": {
				"node": ">=12"
			}
		},
		"../media-utils": {
			"version": "4.41.0",
			"license": "GPL-2.0-or-later",
			"dependencies": {
				"@babel/runtime": "^7.16.0",
				"@wordpress/api-fetch": "file:../api-fetch",
				"@wordpress/blob": "file:../blob",
				"@wordpress/element": "file:../element",
				"@wordpress/i18n": "file:../i18n"
			},
			"engines": {
				"node": ">=12"
			}
		},
		"../notices": {
			"version": "4.18.0",
			"license": "GPL-2.0-or-later",
			"dependencies": {
				"@babel/runtime": "^7.16.0",
				"@wordpress/a11y": "file:../a11y",
				"@wordpress/data": "file:../data"
			},
			"engines": {
				"node": ">=12"
			},
			"peerDependencies": {
				"react": "^18.0.0"
			}
		},
		"../patterns": {
			"version": "1.11.1",
			"license": "GPL-2.0-or-later",
			"dependencies": {
				"@babel/runtime": "^7.16.0",
				"@wordpress/a11y": "file:../a11y",
				"@wordpress/block-editor": "file:../block-editor",
				"@wordpress/blocks": "file:../blocks",
				"@wordpress/components": "file:../components",
				"@wordpress/compose": "file:../compose",
				"@wordpress/core-data": "file:../core-data",
				"@wordpress/data": "file:../data",
				"@wordpress/element": "file:../element",
				"@wordpress/html-entities": "file:../html-entities",
				"@wordpress/i18n": "file:../i18n",
				"@wordpress/icons": "file:../icons",
				"@wordpress/notices": "file:../notices",
				"@wordpress/private-apis": "file:../private-apis",
				"@wordpress/url": "file:../url",
				"nanoid": "^3.3.4"
			},
			"engines": {
				"node": ">=16.0.0"
			},
			"peerDependencies": {
				"react": "^18.0.0",
				"react-dom": "^18.0.0"
			}
		},
		"../plugins": {
			"version": "6.18.0",
			"license": "GPL-2.0-or-later",
			"dependencies": {
				"@babel/runtime": "^7.16.0",
				"@wordpress/components": "file:../components",
				"@wordpress/compose": "file:../compose",
				"@wordpress/element": "file:../element",
				"@wordpress/hooks": "file:../hooks",
				"@wordpress/icons": "file:../icons",
				"@wordpress/is-shallow-equal": "file:../is-shallow-equal",
				"memize": "^2.0.1"
			},
			"engines": {
				"node": ">=12"
			},
			"peerDependencies": {
				"react": "^18.0.0",
				"react-dom": "^18.0.0"
			}
		},
		"../preferences": {
			"version": "3.27.0",
			"license": "GPL-2.0-or-later",
			"dependencies": {
				"@babel/runtime": "^7.16.0",
				"@wordpress/a11y": "file:../a11y",
				"@wordpress/components": "file:../components",
				"@wordpress/compose": "file:../compose",
				"@wordpress/data": "file:../data",
				"@wordpress/deprecated": "file:../deprecated",
				"@wordpress/element": "file:../element",
				"@wordpress/i18n": "file:../i18n",
				"@wordpress/icons": "file:../icons",
				"@wordpress/private-apis": "file:../private-apis",
				"classnames": "^2.3.1"
			},
			"engines": {
				"node": ">=12"
			},
			"peerDependencies": {
				"react": "^18.0.0",
				"react-dom": "^18.0.0"
			}
		},
		"../primitives": {
			"version": "3.48.0",
			"license": "GPL-2.0-or-later",
			"dependencies": {
				"@babel/runtime": "^7.16.0",
				"@wordpress/element": "file:../element",
				"classnames": "^2.3.1"
			},
			"engines": {
				"node": ">=12"
			}
		},
		"../private-apis": {
			"version": "0.32.0",
			"license": "GPL-2.0-or-later",
			"dependencies": {
				"@babel/runtime": "^7.16.0"
			},
			"engines": {
				"node": ">=12"
			}
		},
		"../reusable-blocks": {
			"version": "4.27.1",
			"license": "GPL-2.0-or-later",
			"dependencies": {
				"@babel/runtime": "^7.16.0",
				"@wordpress/block-editor": "file:../block-editor",
				"@wordpress/blocks": "file:../blocks",
				"@wordpress/components": "file:../components",
				"@wordpress/core-data": "file:../core-data",
				"@wordpress/data": "file:../data",
				"@wordpress/element": "file:../element",
				"@wordpress/i18n": "file:../i18n",
				"@wordpress/icons": "file:../icons",
				"@wordpress/notices": "file:../notices",
				"@wordpress/private-apis": "file:../private-apis",
				"@wordpress/url": "file:../url"
			},
			"engines": {
				"node": ">=12"
			},
			"peerDependencies": {
				"react": "^18.0.0",
				"react-dom": "^18.0.0"
			}
		},
		"../router": {
			"version": "0.19.0",
			"license": "GPL-2.0-or-later",
			"dependencies": {
				"@babel/runtime": "^7.16.0",
				"@wordpress/element": "file:../element",
				"@wordpress/private-apis": "file:../private-apis",
				"@wordpress/url": "file:../url",
				"history": "^5.1.0"
			},
			"engines": {
				"node": ">=12"
			},
			"peerDependencies": {
				"react": "^18.0.0"
			}
		},
		"../style-engine": {
			"version": "1.33.1",
			"license": "GPL-2.0-or-later",
			"dependencies": {
				"@babel/runtime": "^7.16.0",
				"change-case": "^4.1.2"
			},
			"engines": {
				"node": ">=12"
			}
		},
		"../url": {
			"version": "3.51.0",
			"license": "GPL-2.0-or-later",
			"dependencies": {
				"@babel/runtime": "^7.16.0",
				"remove-accents": "^0.5.0"
			},
			"engines": {
				"node": ">=12"
			}
		},
		"../viewport": {
			"version": "5.27.0",
			"license": "GPL-2.0-or-later",
			"dependencies": {
				"@babel/runtime": "^7.16.0",
				"@wordpress/compose": "file:../compose",
				"@wordpress/data": "file:../data",
				"@wordpress/element": "file:../element"
			},
			"engines": {
				"node": ">=12"
			},
			"peerDependencies": {
				"react": "^18.0.0"
			}
		},
		"../widgets": {
			"version": "3.27.1",
			"license": "GPL-2.0-or-later",
			"dependencies": {
				"@babel/runtime": "^7.16.0",
				"@wordpress/api-fetch": "file:../api-fetch",
				"@wordpress/block-editor": "file:../block-editor",
				"@wordpress/blocks": "file:../blocks",
				"@wordpress/components": "file:../components",
				"@wordpress/compose": "file:../compose",
				"@wordpress/core-data": "file:../core-data",
				"@wordpress/data": "file:../data",
				"@wordpress/element": "file:../element",
				"@wordpress/i18n": "file:../i18n",
				"@wordpress/icons": "file:../icons",
				"@wordpress/notices": "file:../notices",
				"classnames": "^2.3.1"
			},
			"peerDependencies": {
				"react": "^18.0.0",
				"react-dom": "^18.0.0"
			}
		},
		"../wordcount": {
			"version": "3.50.0",
			"license": "GPL-2.0-or-later",
			"dependencies": {
				"@babel/runtime": "^7.16.0"
			},
			"engines": {
				"node": ">=12"
			}
		},
		"node_modules/@babel/runtime": {
			"version": "7.23.9",
			"resolved": "https://registry.npmjs.org/@babel/runtime/-/runtime-7.23.9.tgz",
			"integrity": "sha512-0CX6F+BI2s9dkUqr08KFrAIZgNFj75rdBU/DjCyYLIaV/quFjkk6T+EJ2LkZHyZTbEV4L5p97mNkUsHl2wLFAw==",
			"dependencies": {
				"regenerator-runtime": "^0.14.0"
			},
			"engines": {
				"node": ">=6.9.0"
			}
		},
		"node_modules/@wordpress/a11y": {
			"resolved": "../a11y",
			"link": true
		},
		"node_modules/@wordpress/api-fetch": {
			"resolved": "../api-fetch",
			"link": true
		},
		"node_modules/@wordpress/blob": {
			"resolved": "../blob",
			"link": true
		},
		"node_modules/@wordpress/block-editor": {
			"resolved": "../block-editor",
			"link": true
		},
		"node_modules/@wordpress/block-library": {
			"resolved": "../block-library",
			"link": true
		},
		"node_modules/@wordpress/blocks": {
			"resolved": "../blocks",
			"link": true
		},
		"node_modules/@wordpress/commands": {
			"resolved": "../commands",
			"link": true
		},
		"node_modules/@wordpress/components": {
			"resolved": "../components",
			"link": true
		},
		"node_modules/@wordpress/compose": {
			"resolved": "../compose",
			"link": true
		},
		"node_modules/@wordpress/core-commands": {
			"resolved": "../core-commands",
			"link": true
		},
		"node_modules/@wordpress/core-data": {
			"resolved": "../core-data",
			"link": true
		},
		"node_modules/@wordpress/data": {
			"resolved": "../data",
			"link": true
		},
		"node_modules/@wordpress/dataviews": {
			"resolved": "../dataviews",
			"link": true
		},
		"node_modules/@wordpress/date": {
			"resolved": "../date",
			"link": true
		},
		"node_modules/@wordpress/deprecated": {
			"resolved": "../deprecated",
			"link": true
		},
		"node_modules/@wordpress/dom": {
			"resolved": "../dom",
			"link": true
		},
		"node_modules/@wordpress/editor": {
			"resolved": "../editor",
			"link": true
		},
		"node_modules/@wordpress/element": {
			"resolved": "../element",
			"link": true
		},
		"node_modules/@wordpress/escape-html": {
			"resolved": "../escape-html",
			"link": true
		},
		"node_modules/@wordpress/hooks": {
			"resolved": "../hooks",
			"link": true
		},
		"node_modules/@wordpress/html-entities": {
			"resolved": "../html-entities",
			"link": true
		},
		"node_modules/@wordpress/i18n": {
			"resolved": "../i18n",
			"link": true
		},
		"node_modules/@wordpress/icons": {
			"resolved": "../icons",
			"link": true
		},
		"node_modules/@wordpress/interface": {
			"resolved": "../interface",
			"link": true
		},
		"node_modules/@wordpress/keyboard-shortcuts": {
			"resolved": "../keyboard-shortcuts",
			"link": true
		},
		"node_modules/@wordpress/keycodes": {
			"resolved": "../keycodes",
			"link": true
		},
		"node_modules/@wordpress/media-utils": {
			"resolved": "../media-utils",
			"link": true
		},
		"node_modules/@wordpress/notices": {
			"resolved": "../notices",
			"link": true
		},
		"node_modules/@wordpress/patterns": {
			"resolved": "../patterns",
			"link": true
		},
		"node_modules/@wordpress/plugins": {
			"resolved": "../plugins",
			"link": true
		},
		"node_modules/@wordpress/preferences": {
			"resolved": "../preferences",
			"link": true
		},
		"node_modules/@wordpress/primitives": {
			"resolved": "../primitives",
			"link": true
		},
		"node_modules/@wordpress/private-apis": {
			"resolved": "../private-apis",
			"link": true
		},
		"node_modules/@wordpress/reusable-blocks": {
			"resolved": "../reusable-blocks",
			"link": true
		},
		"node_modules/@wordpress/router": {
			"resolved": "../router",
			"link": true
		},
		"node_modules/@wordpress/style-engine": {
			"resolved": "../style-engine",
			"link": true
		},
		"node_modules/@wordpress/url": {
			"resolved": "../url",
			"link": true
		},
		"node_modules/@wordpress/viewport": {
			"resolved": "../viewport",
			"link": true
		},
		"node_modules/@wordpress/widgets": {
			"resolved": "../widgets",
			"link": true
		},
		"node_modules/@wordpress/wordcount": {
			"resolved": "../wordcount",
			"link": true
		},
		"node_modules/autosize": {
			"version": "4.0.4",
			"resolved": "https://registry.npmjs.org/autosize/-/autosize-4.0.4.tgz",
			"integrity": "sha512-5yxLQ22O0fCRGoxGfeLSNt3J8LB1v+umtpMnPW6XjkTWXKoN0AmXAIhelJcDtFT/Y/wYWmfE+oqU10Q0b8FhaQ=="
		},
		"node_modules/camel-case": {
			"version": "4.1.2",
			"resolved": "https://registry.npmjs.org/camel-case/-/camel-case-4.1.2.tgz",
			"integrity": "sha512-gxGWBrTT1JuMx6R+o5PTXMmUnhnVzLQ9SNutD4YqKtI6ap897t3tKECYla6gCWEkplXnlNybEkZg9GEGxKFCgw==",
			"dependencies": {
				"pascal-case": "^3.1.2",
				"tslib": "^2.0.3"
			}
		},
		"node_modules/capital-case": {
			"version": "1.0.4",
			"resolved": "https://registry.npmjs.org/capital-case/-/capital-case-1.0.4.tgz",
			"integrity": "sha512-ds37W8CytHgwnhGGTi88pcPyR15qoNkOpYwmMMfnWqqWgESapLqvDx6huFjQ5vqWSn2Z06173XNA7LtMOeUh1A==",
			"dependencies": {
				"no-case": "^3.0.4",
				"tslib": "^2.0.3",
				"upper-case-first": "^2.0.2"
			}
		},
		"node_modules/change-case": {
			"version": "4.1.2",
			"resolved": "https://registry.npmjs.org/change-case/-/change-case-4.1.2.tgz",
			"integrity": "sha512-bSxY2ws9OtviILG1EiY5K7NNxkqg/JnRnFxLtKQ96JaviiIxi7djMrSd0ECT9AC+lttClmYwKw53BWpOMblo7A==",
			"dependencies": {
				"camel-case": "^4.1.2",
				"capital-case": "^1.0.4",
				"constant-case": "^3.0.4",
				"dot-case": "^3.0.4",
				"header-case": "^2.0.4",
				"no-case": "^3.0.4",
				"param-case": "^3.0.4",
				"pascal-case": "^3.1.2",
				"path-case": "^3.0.4",
				"sentence-case": "^3.0.4",
				"snake-case": "^3.0.4",
				"tslib": "^2.0.3"
			}
		},
		"node_modules/classnames": {
			"version": "2.5.1",
			"resolved": "https://registry.npmjs.org/classnames/-/classnames-2.5.1.tgz",
			"integrity": "sha512-saHYOzhIQs6wy2sVxTM6bUDsQO4F50V9RQ22qBpEdCW+I+/Wmke2HOl6lS6dTpdxVhb88/I6+Hs+438c3lfUow=="
		},
		"node_modules/colord": {
			"version": "2.9.3",
			"resolved": "https://registry.npmjs.org/colord/-/colord-2.9.3.tgz",
			"integrity": "sha512-jeC1axXpnb0/2nn/Y1LPuLdgXBLH7aDcHu4KEKfqw3CUhX7ZpfBSlPKyqXE6btIgEzfWtrX3/tyBCaCvXvMkOw=="
		},
		"node_modules/computed-style": {
			"version": "0.1.4",
			"resolved": "https://registry.npmjs.org/computed-style/-/computed-style-0.1.4.tgz",
			"integrity": "sha512-WpAmaKbMNmS3OProfHIdJiNleNJdgUrJfbKArXua28QF7+0CoZjlLn0lp6vlc+dl5r2/X9GQiQRQQU4BzSa69w=="
		},
		"node_modules/constant-case": {
			"version": "3.0.4",
			"resolved": "https://registry.npmjs.org/constant-case/-/constant-case-3.0.4.tgz",
			"integrity": "sha512-I2hSBi7Vvs7BEuJDr5dDHfzb/Ruj3FyvFyh7KLilAjNQw3Be+xgqUBA2W6scVEcL0hL1dwPRtIqEPVUCKkSsyQ==",
			"dependencies": {
				"no-case": "^3.0.4",
				"tslib": "^2.0.3",
				"upper-case": "^2.0.2"
			}
		},
		"node_modules/deepmerge": {
			"version": "4.3.1",
			"resolved": "https://registry.npmjs.org/deepmerge/-/deepmerge-4.3.1.tgz",
			"integrity": "sha512-3sUqbMEc77XqpdNO7FRyRog+eW3ph+GYCbj+rK+uYyRMuwsVy0rMiVtPn+QJlKFvWP/1PYpapqYn0Me2knFn+A==",
			"engines": {
				"node": ">=0.10.0"
			}
		},
		"node_modules/dot-case": {
			"version": "3.0.4",
			"resolved": "https://registry.npmjs.org/dot-case/-/dot-case-3.0.4.tgz",
			"integrity": "sha512-Kv5nKlh6yRrdrGvxeJ2e5y2eRUpkUosIW4A2AS38zwSz27zu7ufDwQPi5Jhs3XAlGNetl3bmnGhQsMtkKJnj3w==",
			"dependencies": {
				"no-case": "^3.0.4",
				"tslib": "^2.0.3"
			}
		},
		"node_modules/fast-deep-equal": {
			"version": "3.1.3",
			"resolved": "https://registry.npmjs.org/fast-deep-equal/-/fast-deep-equal-3.1.3.tgz",
			"integrity": "sha512-f3qQ9oQy9j2AhBe/H9VC91wLmKBCCU/gDOnKNAYG5hswO7BLKj09Hc5HYNz9cGI++xlpDCIgDaitVs03ATR84Q=="
		},
		"node_modules/header-case": {
			"version": "2.0.4",
			"resolved": "https://registry.npmjs.org/header-case/-/header-case-2.0.4.tgz",
			"integrity": "sha512-H/vuk5TEEVZwrR0lp2zed9OCo1uAILMlx0JEMgC26rzyJJ3N1v6XkwHHXJQdR2doSjcGPM6OKPYoJgf0plJ11Q==",
			"dependencies": {
				"capital-case": "^1.0.4",
				"tslib": "^2.0.3"
			}
		},
		"node_modules/is-plain-object": {
			"version": "5.0.0",
			"resolved": "https://registry.npmjs.org/is-plain-object/-/is-plain-object-5.0.0.tgz",
			"integrity": "sha512-VRSzKkbMm5jMDoKLbltAkFQ5Qr7VDiTFGXxYFXXowVj387GeGNOCsOH6Msy00SGZ3Fp84b1Naa1psqgcCIEP5Q==",
			"engines": {
				"node": ">=0.10.0"
			}
		},
		"node_modules/js-tokens": {
			"version": "4.0.0",
			"resolved": "https://registry.npmjs.org/js-tokens/-/js-tokens-4.0.0.tgz",
			"integrity": "sha512-RdJUflcE3cUzKiMqQgsCu06FPu9UdIJO0beYbPhHN4k6apgJtifcoCtT9bcxOpYBtpD2kCM6Sbzg4CausW/PKQ=="
		},
		"node_modules/line-height": {
			"version": "0.3.1",
			"resolved": "https://registry.npmjs.org/line-height/-/line-height-0.3.1.tgz",
			"integrity": "sha512-YExecgqPwnp5gplD2+Y8e8A5+jKpr25+DzMbFdI1/1UAr0FJrTFv4VkHLf8/6B590i1wUPJWMKKldkd/bdQ//w==",
			"dependencies": {
				"computed-style": "~0.1.3"
			},
			"engines": {
				"node": ">= 4.0.0"
			}
		},
		"node_modules/loose-envify": {
			"version": "1.4.0",
			"resolved": "https://registry.npmjs.org/loose-envify/-/loose-envify-1.4.0.tgz",
			"integrity": "sha512-lyuxPGr/Wfhrlem2CL/UcnUc1zcqKAImBDzukY7Y5F/yQiNdko6+fRLevlw1HgMySw7f611UIY408EtxRSoK3Q==",
			"dependencies": {
				"js-tokens": "^3.0.0 || ^4.0.0"
			},
			"bin": {
				"loose-envify": "cli.js"
			}
		},
		"node_modules/lower-case": {
			"version": "2.0.2",
			"resolved": "https://registry.npmjs.org/lower-case/-/lower-case-2.0.2.tgz",
			"integrity": "sha512-7fm3l3NAF9WfN6W3JOmf5drwpVqX78JtoGJ3A6W0a6ZnldM41w2fV5D490psKFTpMds8TJse/eHLFFsNHHjHgg==",
			"dependencies": {
				"tslib": "^2.0.3"
			}
		},
		"node_modules/memize": {
			"version": "2.1.0",
			"resolved": "https://registry.npmjs.org/memize/-/memize-2.1.0.tgz",
			"integrity": "sha512-yywVJy8ctVlN5lNPxsep5urnZ6TTclwPEyigM9M3Bi8vseJBOfqNrGWN/r8NzuIt3PovM323W04blJfGQfQSVg=="
		},
		"node_modules/no-case": {
			"version": "3.0.4",
			"resolved": "https://registry.npmjs.org/no-case/-/no-case-3.0.4.tgz",
			"integrity": "sha512-fgAN3jGAh+RoxUGZHTSOLJIqUc2wmoBwGR4tbpNAKmmovFoWq0OdRkb0VkldReO2a2iBT/OEulG9XSUc10r3zg==",
			"dependencies": {
				"lower-case": "^2.0.2",
				"tslib": "^2.0.3"
			}
		},
		"node_modules/object-assign": {
			"version": "4.1.1",
			"resolved": "https://registry.npmjs.org/object-assign/-/object-assign-4.1.1.tgz",
			"integrity": "sha512-rJgTQnkUnH1sFw8yT6VSU3zD3sWmu6sZhIseY8VX+GRu3P6F7Fu+JNDoXfklElbLJSnc3FUQHVe4cU5hj+BcUg==",
			"engines": {
				"node": ">=0.10.0"
			}
		},
		"node_modules/param-case": {
			"version": "3.0.4",
			"resolved": "https://registry.npmjs.org/param-case/-/param-case-3.0.4.tgz",
			"integrity": "sha512-RXlj7zCYokReqWpOPH9oYivUzLYZ5vAPIfEmCTNViosC78F8F0H9y7T7gG2M39ymgutxF5gcFEsyZQSph9Bp3A==",
			"dependencies": {
				"dot-case": "^3.0.4",
				"tslib": "^2.0.3"
			}
		},
		"node_modules/pascal-case": {
			"version": "3.1.2",
			"resolved": "https://registry.npmjs.org/pascal-case/-/pascal-case-3.1.2.tgz",
			"integrity": "sha512-uWlGT3YSnK9x3BQJaOdcZwrnV6hPpd8jFH1/ucpiLRPh/2zCVJKS19E4GvYHvaCcACn3foXZ0cLB9Wrx1KGe5g==",
			"dependencies": {
				"no-case": "^3.0.4",
				"tslib": "^2.0.3"
			}
		},
		"node_modules/path-case": {
			"version": "3.0.4",
			"resolved": "https://registry.npmjs.org/path-case/-/path-case-3.0.4.tgz",
			"integrity": "sha512-qO4qCFjXqVTrcbPt/hQfhTQ+VhFsqNKOPtytgNKkKxSoEp3XPUQ8ObFuePylOIok5gjn69ry8XiULxCwot3Wfg==",
			"dependencies": {
				"dot-case": "^3.0.4",
				"tslib": "^2.0.3"
			}
		},
		"node_modules/prop-types": {
			"version": "15.8.1",
			"resolved": "https://registry.npmjs.org/prop-types/-/prop-types-15.8.1.tgz",
			"integrity": "sha512-oj87CgZICdulUohogVAR7AjlC0327U4el4L6eAvOqCeudMDVU0NThNaV+b9Df4dXgSP1gXMTnPdhfe/2qDH5cg==",
			"dependencies": {
				"loose-envify": "^1.4.0",
				"object-assign": "^4.1.1",
				"react-is": "^16.13.1"
			}
		},
		"node_modules/react": {
			"version": "18.2.0",
			"resolved": "https://registry.npmjs.org/react/-/react-18.2.0.tgz",
			"integrity": "sha512-/3IjMdb2L9QbBdWiW5e3P2/npwMBaU9mHCSCUzNln0ZCYbcfTsGbTJrU/kGemdH2IWmB2ioZ+zkxtmq6g09fGQ==",
			"peer": true,
			"dependencies": {
				"loose-envify": "^1.1.0"
			},
			"engines": {
				"node": ">=0.10.0"
			}
		},
		"node_modules/react-autosize-textarea": {
			"version": "7.1.0",
			"resolved": "https://registry.npmjs.org/react-autosize-textarea/-/react-autosize-textarea-7.1.0.tgz",
			"integrity": "sha512-BHpjCDkuOlllZn3nLazY2F8oYO1tS2jHnWhcjTWQdcKiiMU6gHLNt/fzmqMSyerR0eTdKtfSIqtSeTtghNwS+g==",
			"dependencies": {
				"autosize": "^4.0.2",
				"line-height": "^0.3.1",
				"prop-types": "^15.5.6"
			},
			"peerDependencies": {
				"react": "^0.14.0 || ^15.0.0 || ^16.0.0",
				"react-dom": "^0.14.0 || ^15.0.0 || ^16.0.0"
			}
		},
		"node_modules/react-dom": {
			"version": "18.2.0",
			"resolved": "https://registry.npmjs.org/react-dom/-/react-dom-18.2.0.tgz",
			"integrity": "sha512-6IMTriUmvsjHUjNtEDudZfuDQUoWXVxKHhlEGSk81n4YFS+r/Kl99wXiwlVXtPBtJenozv2P+hxDsw9eA7Xo6g==",
			"peer": true,
			"dependencies": {
				"loose-envify": "^1.1.0",
				"scheduler": "^0.23.0"
			},
			"peerDependencies": {
				"react": "^18.2.0"
			}
		},
		"node_modules/react-is": {
			"version": "16.13.1",
			"resolved": "https://registry.npmjs.org/react-is/-/react-is-16.13.1.tgz",
			"integrity": "sha512-24e6ynE2H+OKt4kqsOvNd8kBpV65zoxbA4BVsEOB3ARVWQki/DHzaUoC5KuON/BiccDaCCTZBuOcfZs70kR8bQ=="
		},
		"node_modules/regenerator-runtime": {
			"version": "0.14.1",
			"resolved": "https://registry.npmjs.org/regenerator-runtime/-/regenerator-runtime-0.14.1.tgz",
			"integrity": "sha512-dYnhHh0nJoMfnkZs6GmmhFknAGRrLznOu5nc9ML+EJxGvrx6H7teuevqVqCuPcPK//3eDrrjQhehXVx9cnkGdw=="
		},
		"node_modules/rememo": {
			"version": "4.0.2",
			"resolved": "https://registry.npmjs.org/rememo/-/rememo-4.0.2.tgz",
			"integrity": "sha512-NVfSP9NstE3QPNs/TnegQY0vnJnstKQSpcrsI2kBTB3dB2PkdfKdTa+abbjMIDqpc63fE5LfjLgfMst0ULMFxQ=="
		},
		"node_modules/remove-accents": {
			"version": "0.5.0",
			"resolved": "https://registry.npmjs.org/remove-accents/-/remove-accents-0.5.0.tgz",
			"integrity": "sha512-8g3/Otx1eJaVD12e31UbJj1YzdtVvzH85HV7t+9MJYk/u3XmkOUJ5Ys9wQrf9PCPK8+xn4ymzqYCiZl6QWKn+A=="
		},
		"node_modules/scheduler": {
			"version": "0.23.0",
			"resolved": "https://registry.npmjs.org/scheduler/-/scheduler-0.23.0.tgz",
			"integrity": "sha512-CtuThmgHNg7zIZWAXi3AsyIzA3n4xx7aNyjwC2VJldO2LMVDhFK+63xGqq6CsJH4rTAt6/M+N4GhZiDYPx9eUw==",
			"peer": true,
			"dependencies": {
				"loose-envify": "^1.1.0"
			}
		},
		"node_modules/sentence-case": {
			"version": "3.0.4",
			"resolved": "https://registry.npmjs.org/sentence-case/-/sentence-case-3.0.4.tgz",
			"integrity": "sha512-8LS0JInaQMCRoQ7YUytAo/xUu5W2XnQxV2HI/6uM6U7CITS1RqPElr30V6uIqyMKM9lJGRVFy5/4CuzcixNYSg==",
			"dependencies": {
				"no-case": "^3.0.4",
				"tslib": "^2.0.3",
				"upper-case-first": "^2.0.2"
			}
		},
		"node_modules/snake-case": {
			"version": "3.0.4",
			"resolved": "https://registry.npmjs.org/snake-case/-/snake-case-3.0.4.tgz",
			"integrity": "sha512-LAOh4z89bGQvl9pFfNF8V146i7o7/CqFPbqzYgP+yYzDIDeS9HaNFtXABamRW+AQzEVODcvE79ljJ+8a9YSdMg==",
			"dependencies": {
				"dot-case": "^3.0.4",
				"tslib": "^2.0.3"
			}
		},
		"node_modules/tslib": {
			"version": "2.6.2",
			"resolved": "https://registry.npmjs.org/tslib/-/tslib-2.6.2.tgz",
			"integrity": "sha512-AEYxH93jGFPn/a2iVAwW87VuUIkR1FVUKB77NwMF7nBTDkDrrT/Hpt/IrCJ0QXhW27jTBDcf5ZY7w6RiqTMw2Q=="
		},
		"node_modules/upper-case": {
			"version": "2.0.2",
			"resolved": "https://registry.npmjs.org/upper-case/-/upper-case-2.0.2.tgz",
			"integrity": "sha512-KgdgDGJt2TpuwBUIjgG6lzw2GWFRCW9Qkfkiv0DxqHHLYJHmtmdUIKcZd8rHgFSjopVTlw6ggzCm1b8MFQwikg==",
			"dependencies": {
				"tslib": "^2.0.3"
			}
		},
		"node_modules/upper-case-first": {
			"version": "2.0.2",
			"resolved": "https://registry.npmjs.org/upper-case-first/-/upper-case-first-2.0.2.tgz",
			"integrity": "sha512-514ppYHBaKwfJRK/pNC6c/OxfGa0obSnAl106u97Ed0I625Nin96KAjttZF6ZL3e1XLtphxnqrOi9iWgm+u+bg==",
			"dependencies": {
				"tslib": "^2.0.3"
			}
		}
	}
}
