PODS:
  - boost (1.76.0)
  - BVLinearGradient (2.7.3):
    - React-Core
  - DoubleConversion (1.1.6)
  - FBLazyVector (0.71.11)
  - FBReactNativeSpec (0.71.11):
    - RCT-Folly (= 2021.07.22.00)
    - RCTRequired (= 0.71.11)
    - RCTTypeSafety (= 0.71.11)
    - React-Core (= 0.71.11)
    - React-jsi (= 0.71.11)
    - ReactCommon/turbomodule/core (= 0.71.11)
  - fmt (6.2.1)
  - glog (0.3.5)
  - Gutenberg (1.102.1):
    - React-Core (= 0.71.11)
    - React-CoreModules (= 0.71.11)
    - React-RCTImage (= 0.71.11)
    - RNTAztecView
  - libwebp (1.2.3):
    - libwebp/demux (= 1.2.3)
    - libwebp/mux (= 1.2.3)
    - libwebp/webp (= 1.2.3)
  - libwebp/demux (1.2.3):
    - libwebp/webp
  - libwebp/mux (1.2.3):
    - libwebp/demux
  - libwebp/webp (1.2.3)
  - RCT-Folly (2021.07.22.00):
    - boost
    - DoubleConversion
    - fmt (~> 6.2.1)
    - glog
    - RCT-Folly/Default (= 2021.07.22.00)
  - RCT-Folly/Default (2021.07.22.00):
    - boost
    - DoubleConversion
    - fmt (~> 6.2.1)
    - glog
  - RCTRequired (0.71.11)
  - RCTTypeSafety (0.71.11):
    - FBLazyVector (= 0.71.11)
    - RCTRequired (= 0.71.11)
    - React-Core (= 0.71.11)
  - React (0.71.11):
    - React-Core (= 0.71.11)
    - React-Core/DevSupport (= 0.71.11)
    - React-Core/RCTWebSocket (= 0.71.11)
    - React-RCTActionSheet (= 0.71.11)
    - React-RCTAnimation (= 0.71.11)
    - React-RCTBlob (= 0.71.11)
    - React-RCTImage (= 0.71.11)
    - React-RCTLinking (= 0.71.11)
    - React-RCTNetwork (= 0.71.11)
    - React-RCTSettings (= 0.71.11)
    - React-RCTText (= 0.71.11)
    - React-RCTVibration (= 0.71.11)
  - React-callinvoker (0.71.11)
  - React-Codegen (0.71.11):
    - FBReactNativeSpec
    - RCT-Folly
    - RCTRequired
    - RCTTypeSafety
    - React-Core
    - React-jsc
    - React-jsi
    - React-jsiexecutor
    - ReactCommon/turbomodule/bridging
    - ReactCommon/turbomodule/core
  - React-Core (0.71.11):
    - glog
    - RCT-Folly (= 2021.07.22.00)
    - React-Core/Default (= 0.71.11)
    - React-cxxreact (= 0.71.11)
    - React-jsc
    - React-jsi (= 0.71.11)
    - React-jsiexecutor (= 0.71.11)
    - React-perflogger (= 0.71.11)
    - Yoga
  - React-Core/CoreModulesHeaders (0.71.11):
    - glog
    - RCT-Folly (= 2021.07.22.00)
    - React-Core/Default
    - React-cxxreact (= 0.71.11)
    - React-jsc
    - React-jsi (= 0.71.11)
    - React-jsiexecutor (= 0.71.11)
    - React-perflogger (= 0.71.11)
    - Yoga
  - React-Core/Default (0.71.11):
    - glog
    - RCT-Folly (= 2021.07.22.00)
    - React-cxxreact (= 0.71.11)
    - React-jsc
    - React-jsi (= 0.71.11)
    - React-jsiexecutor (= 0.71.11)
    - React-perflogger (= 0.71.11)
    - Yoga
  - React-Core/DevSupport (0.71.11):
    - glog
    - RCT-Folly (= 2021.07.22.00)
    - React-Core/Default (= 0.71.11)
    - React-Core/RCTWebSocket (= 0.71.11)
    - React-cxxreact (= 0.71.11)
    - React-jsc
    - React-jsi (= 0.71.11)
    - React-jsiexecutor (= 0.71.11)
    - React-jsinspector (= 0.71.11)
    - React-perflogger (= 0.71.11)
    - Yoga
  - React-Core/RCTActionSheetHeaders (0.71.11):
    - glog
    - RCT-Folly (= 2021.07.22.00)
    - React-Core/Default
    - React-cxxreact (= 0.71.11)
    - React-jsc
    - React-jsi (= 0.71.11)
    - React-jsiexecutor (= 0.71.11)
    - React-perflogger (= 0.71.11)
    - Yoga
  - React-Core/RCTAnimationHeaders (0.71.11):
    - glog
    - RCT-Folly (= 2021.07.22.00)
    - React-Core/Default
    - React-cxxreact (= 0.71.11)
    - React-jsc
    - React-jsi (= 0.71.11)
    - React-jsiexecutor (= 0.71.11)
    - React-perflogger (= 0.71.11)
    - Yoga
  - React-Core/RCTBlobHeaders (0.71.11):
    - glog
    - RCT-Folly (= 2021.07.22.00)
    - React-Core/Default
    - React-cxxreact (= 0.71.11)
    - React-jsc
    - React-jsi (= 0.71.11)
    - React-jsiexecutor (= 0.71.11)
    - React-perflogger (= 0.71.11)
    - Yoga
  - React-Core/RCTImageHeaders (0.71.11):
    - glog
    - RCT-Folly (= 2021.07.22.00)
    - React-Core/Default
    - React-cxxreact (= 0.71.11)
    - React-jsc
    - React-jsi (= 0.71.11)
    - React-jsiexecutor (= 0.71.11)
    - React-perflogger (= 0.71.11)
    - Yoga
  - React-Core/RCTLinkingHeaders (0.71.11):
    - glog
    - RCT-Folly (= 2021.07.22.00)
    - React-Core/Default
    - React-cxxreact (= 0.71.11)
    - React-jsc
    - React-jsi (= 0.71.11)
    - React-jsiexecutor (= 0.71.11)
    - React-perflogger (= 0.71.11)
    - Yoga
  - React-Core/RCTNetworkHeaders (0.71.11):
    - glog
    - RCT-Folly (= 2021.07.22.00)
    - React-Core/Default
    - React-cxxreact (= 0.71.11)
    - React-jsc
    - React-jsi (= 0.71.11)
    - React-jsiexecutor (= 0.71.11)
    - React-perflogger (= 0.71.11)
    - Yoga
  - React-Core/RCTSettingsHeaders (0.71.11):
    - glog
    - RCT-Folly (= 2021.07.22.00)
    - React-Core/Default
    - React-cxxreact (= 0.71.11)
    - React-jsc
    - React-jsi (= 0.71.11)
    - React-jsiexecutor (= 0.71.11)
    - React-perflogger (= 0.71.11)
    - Yoga
  - React-Core/RCTTextHeaders (0.71.11):
    - glog
    - RCT-Folly (= 2021.07.22.00)
    - React-Core/Default
    - React-cxxreact (= 0.71.11)
    - React-jsc
    - React-jsi (= 0.71.11)
    - React-jsiexecutor (= 0.71.11)
    - React-perflogger (= 0.71.11)
    - Yoga
  - React-Core/RCTVibrationHeaders (0.71.11):
    - glog
    - RCT-Folly (= 2021.07.22.00)
    - React-Core/Default
    - React-cxxreact (= 0.71.11)
    - React-jsc
    - React-jsi (= 0.71.11)
    - React-jsiexecutor (= 0.71.11)
    - React-perflogger (= 0.71.11)
    - Yoga
  - React-Core/RCTWebSocket (0.71.11):
    - glog
    - RCT-Folly (= 2021.07.22.00)
    - React-Core/Default (= 0.71.11)
    - React-cxxreact (= 0.71.11)
    - React-jsc
    - React-jsi (= 0.71.11)
    - React-jsiexecutor (= 0.71.11)
    - React-perflogger (= 0.71.11)
    - Yoga
  - React-CoreModules (0.71.11):
    - RCT-Folly (= 2021.07.22.00)
    - RCTTypeSafety (= 0.71.11)
    - React-Codegen (= 0.71.11)
    - React-Core/CoreModulesHeaders (= 0.71.11)
    - React-jsi (= 0.71.11)
    - React-RCTBlob
    - React-RCTImage (= 0.71.11)
    - ReactCommon/turbomodule/core (= 0.71.11)
  - React-cxxreact (0.71.11):
    - boost (= 1.76.0)
    - DoubleConversion
    - glog
    - RCT-Folly (= 2021.07.22.00)
    - React-callinvoker (= 0.71.11)
    - React-jsi (= 0.71.11)
    - React-jsinspector (= 0.71.11)
    - React-logger (= 0.71.11)
    - React-perflogger (= 0.71.11)
    - React-runtimeexecutor (= 0.71.11)
  - React-jsc (0.71.11):
    - React-jsc/Fabric (= 0.71.11)
    - React-jsi (= 0.71.11)
  - React-jsc/Fabric (0.71.11):
    - React-jsi (= 0.71.11)
  - React-jsi (0.71.11):
    - boost (= 1.76.0)
    - DoubleConversion
    - glog
    - RCT-Folly (= 2021.07.22.00)
  - React-jsiexecutor (0.71.11):
    - DoubleConversion
    - glog
    - RCT-Folly (= 2021.07.22.00)
    - React-cxxreact (= 0.71.11)
    - React-jsi (= 0.71.11)
    - React-perflogger (= 0.71.11)
  - React-jsinspector (0.71.11)
  - React-logger (0.71.11):
    - glog
  - react-native-blur (4.2.0):
    - React-Core
  - react-native-get-random-values (1.4.0):
    - React-Core
  - react-native-safe-area (0.5.1):
    - React-Core
  - react-native-safe-area-context (4.6.3):
    - RCT-Folly
    - RCTRequired
    - RCTTypeSafety
    - React-Core
    - ReactCommon/turbomodule/core
  - react-native-slider (3.0.2-wp-4):
    - React-Core
  - react-native-video (5.2.0-wp-6):
    - React-Core
    - react-native-video/Video (= 5.2.0-wp-6)
  - react-native-video/Video (5.2.0-wp-6):
    - React-Core
  - react-native-webview (11.26.1):
    - React-Core
  - React-perflogger (0.71.11)
  - React-RCTActionSheet (0.71.11):
    - React-Core/RCTActionSheetHeaders (= 0.71.11)
  - React-RCTAnimation (0.71.11):
    - RCT-Folly (= 2021.07.22.00)
    - RCTTypeSafety (= 0.71.11)
    - React-Codegen (= 0.71.11)
    - React-Core/RCTAnimationHeaders (= 0.71.11)
    - React-jsi (= 0.71.11)
    - ReactCommon/turbomodule/core (= 0.71.11)
  - React-RCTAppDelegate (0.71.11):
    - RCT-Folly
    - RCTRequired
    - RCTTypeSafety
    - React-Core
    - ReactCommon/turbomodule/core
  - React-RCTBlob (0.71.11):
    - RCT-Folly (= 2021.07.22.00)
    - React-Codegen (= 0.71.11)
    - React-Core/RCTBlobHeaders (= 0.71.11)
    - React-Core/RCTWebSocket (= 0.71.11)
    - React-jsi (= 0.71.11)
    - React-RCTNetwork (= 0.71.11)
    - ReactCommon/turbomodule/core (= 0.71.11)
  - React-RCTImage (0.71.11):
    - RCT-Folly (= 2021.07.22.00)
    - RCTTypeSafety (= 0.71.11)
    - React-Codegen (= 0.71.11)
    - React-Core/RCTImageHeaders (= 0.71.11)
    - React-jsi (= 0.71.11)
    - React-RCTNetwork (= 0.71.11)
    - ReactCommon/turbomodule/core (= 0.71.11)
  - React-RCTLinking (0.71.11):
    - React-Codegen (= 0.71.11)
    - React-Core/RCTLinkingHeaders (= 0.71.11)
    - React-jsi (= 0.71.11)
    - ReactCommon/turbomodule/core (= 0.71.11)
  - React-RCTNetwork (0.71.11):
    - RCT-Folly (= 2021.07.22.00)
    - RCTTypeSafety (= 0.71.11)
    - React-Codegen (= 0.71.11)
    - React-Core/RCTNetworkHeaders (= 0.71.11)
    - React-jsi (= 0.71.11)
    - ReactCommon/turbomodule/core (= 0.71.11)
  - React-RCTSettings (0.71.11):
    - RCT-Folly (= 2021.07.22.00)
    - RCTTypeSafety (= 0.71.11)
    - React-Codegen (= 0.71.11)
    - React-Core/RCTSettingsHeaders (= 0.71.11)
    - React-jsi (= 0.71.11)
    - ReactCommon/turbomodule/core (= 0.71.11)
  - React-RCTText (0.71.11):
    - React-Core/RCTTextHeaders (= 0.71.11)
  - React-RCTVibration (0.71.11):
    - RCT-Folly (= 2021.07.22.00)
    - React-Codegen (= 0.71.11)
    - React-Core/RCTVibrationHeaders (= 0.71.11)
    - React-jsi (= 0.71.11)
    - ReactCommon/turbomodule/core (= 0.71.11)
  - React-runtimeexecutor (0.71.11):
    - React-jsi (= 0.71.11)
  - ReactCommon/turbomodule/bridging (0.71.11):
    - DoubleConversion
    - glog
    - RCT-Folly (= 2021.07.22.00)
    - React-callinvoker (= 0.71.11)
    - React-Core (= 0.71.11)
    - React-cxxreact (= 0.71.11)
    - React-jsi (= 0.71.11)
    - React-logger (= 0.71.11)
    - React-perflogger (= 0.71.11)
  - ReactCommon/turbomodule/core (0.71.11):
    - DoubleConversion
    - glog
    - RCT-Folly (= 2021.07.22.00)
    - React-callinvoker (= 0.71.11)
    - React-Core (= 0.71.11)
    - React-cxxreact (= 0.71.11)
    - React-jsi (= 0.71.11)
    - React-logger (= 0.71.11)
    - React-perflogger (= 0.71.11)
  - RNCClipboard (1.11.2):
    - React-Core
  - RNCMaskedView (0.2.9):
    - React-Core
  - RNFastImage (8.5.11):
    - React-Core
    - SDWebImage (~> 5.11.1)
    - SDWebImageWebPCoder (~> 0.8.4)
  - RNGestureHandler (2.10.2):
    - React-Core
  - RNReanimated (2.17.0):
    - DoubleConversion
    - FBLazyVector
    - FBReactNativeSpec
    - glog
    - RCT-Folly
    - RCTRequired
    - RCTTypeSafety
    - React-callinvoker
    - React-Core
    - React-Core/DevSupport
    - React-Core/RCTWebSocket
    - React-CoreModules
    - React-cxxreact
    - React-jsc
    - React-jsi
    - React-jsiexecutor
    - React-jsinspector
    - React-RCTActionSheet
    - React-RCTAnimation
    - React-RCTBlob
    - React-RCTImage
    - React-RCTLinking
    - React-RCTNetwork
    - React-RCTSettings
    - React-RCTText
    - ReactCommon/turbomodule/core
    - Yoga
  - RNScreens (3.22.0):
    - React-Core
    - React-RCTImage
  - RNSVG (13.9.0):
    - React-Core
  - RNTAztecView (1.102.1):
    - React-Core
    - WordPress-Aztec-iOS (~> 1.19.8)
  - SDWebImage (5.11.1):
    - SDWebImage/Core (= 5.11.1)
  - SDWebImage/Core (5.11.1)
  - SDWebImageWebPCoder (0.8.5):
    - libwebp (~> 1.0)
    - SDWebImage/Core (~> 5.10)
  - WordPress-Aztec-iOS (1.19.8)
  - Yoga (1.14.0)

DEPENDENCIES:
  - boost (from `../../../node_modules/react-native/third-party-podspecs/boost.podspec`)
  - BVLinearGradient (from `../../../node_modules/react-native-linear-gradient`)
  - DoubleConversion (from `../../../node_modules/react-native/third-party-podspecs/DoubleConversion.podspec`)
  - FBLazyVector (from `../../../node_modules/react-native/Libraries/FBLazyVector`)
  - FBReactNativeSpec (from `../../../node_modules/react-native/React/FBReactNativeSpec`)
  - glog (from `../../../node_modules/react-native/third-party-podspecs/glog.podspec`)
  - Gutenberg (from `../../react-native-bridge`)
  - RCT-Folly (from `../../../node_modules/react-native/third-party-podspecs/RCT-Folly.podspec`)
  - RCTRequired (from `../../../node_modules/react-native/Libraries/RCTRequired`)
  - RCTTypeSafety (from `../../../node_modules/react-native/Libraries/TypeSafety`)
  - React (from `../../../node_modules/react-native/`)
  - React-callinvoker (from `../../../node_modules/react-native/ReactCommon/callinvoker`)
  - React-Codegen (from `build/generated/ios`)
  - React-Core (from `../../../node_modules/react-native/`)
  - React-Core/RCTWebSocket (from `../../../node_modules/react-native/`)
  - React-CoreModules (from `../../../node_modules/react-native/React/CoreModules`)
  - React-cxxreact (from `../../../node_modules/react-native/ReactCommon/cxxreact`)
  - React-jsc (from `../../../node_modules/react-native/ReactCommon/jsc`)
  - React-jsi (from `../../../node_modules/react-native/ReactCommon/jsi`)
  - React-jsiexecutor (from `../../../node_modules/react-native/ReactCommon/jsiexecutor`)
  - React-jsinspector (from `../../../node_modules/react-native/ReactCommon/jsinspector`)
  - React-logger (from `../../../node_modules/react-native/ReactCommon/logger`)
  - "react-native-blur (from `../../../node_modules/@react-native-community/blur`)"
  - react-native-get-random-values (from `../../../node_modules/react-native-get-random-values`)
  - react-native-safe-area (from `../../../node_modules/react-native-safe-area`)
  - react-native-safe-area-context (from `../../../node_modules/react-native-safe-area-context`)
  - "react-native-slider (from `../../../node_modules/@react-native-community/slider`)"
  - react-native-video (from `../../../node_modules/react-native-video`)
  - react-native-webview (from `../../../node_modules/react-native-webview`)
  - React-perflogger (from `../../../node_modules/react-native/ReactCommon/reactperflogger`)
  - React-RCTActionSheet (from `../../../node_modules/react-native/Libraries/ActionSheetIOS`)
  - React-RCTAnimation (from `../../../node_modules/react-native/Libraries/NativeAnimation`)
  - React-RCTAppDelegate (from `../../../node_modules/react-native/Libraries/AppDelegate`)
  - React-RCTBlob (from `../../../node_modules/react-native/Libraries/Blob`)
  - React-RCTImage (from `../../../node_modules/react-native/Libraries/Image`)
  - React-RCTLinking (from `../../../node_modules/react-native/Libraries/LinkingIOS`)
  - React-RCTNetwork (from `../../../node_modules/react-native/Libraries/Network`)
  - React-RCTSettings (from `../../../node_modules/react-native/Libraries/Settings`)
  - React-RCTText (from `../../../node_modules/react-native/Libraries/Text`)
  - React-RCTVibration (from `../../../node_modules/react-native/Libraries/Vibration`)
  - React-runtimeexecutor (from `../../../node_modules/react-native/ReactCommon/runtimeexecutor`)
  - ReactCommon/turbomodule/core (from `../../../node_modules/react-native/ReactCommon`)
  - "RNCClipboard (from `../../../node_modules/@react-native-clipboard/clipboard`)"
  - "RNCMaskedView (from `../../../node_modules/@react-native-masked-view/masked-view`)"
  - RNFastImage (from `../../../node_modules/react-native-fast-image`)
  - RNGestureHandler (from `../../../node_modules/react-native-gesture-handler`)
  - RNReanimated (from `../../../node_modules/react-native-reanimated`)
  - RNScreens (from `../../../node_modules/react-native-screens`)
  - RNSVG (from `../../../node_modules/react-native-svg`)
  - RNTAztecView (from `../../react-native-aztec`)
  - Yoga (from `../../../node_modules/react-native/ReactCommon/yoga`)

SPEC REPOS:
  trunk:
    - fmt
    - libwebp
    - SDWebImage
    - SDWebImageWebPCoder
    - WordPress-Aztec-iOS

EXTERNAL SOURCES:
  boost:
    :podspec: "../../../node_modules/react-native/third-party-podspecs/boost.podspec"
  BVLinearGradient:
    :path: "../../../node_modules/react-native-linear-gradient"
  DoubleConversion:
    :podspec: "../../../node_modules/react-native/third-party-podspecs/DoubleConversion.podspec"
  FBLazyVector:
    :path: "../../../node_modules/react-native/Libraries/FBLazyVector"
  FBReactNativeSpec:
    :path: "../../../node_modules/react-native/React/FBReactNativeSpec"
  glog:
    :podspec: "../../../node_modules/react-native/third-party-podspecs/glog.podspec"
  Gutenberg:
    :path: "../../react-native-bridge"
  RCT-Folly:
    :podspec: "../../../node_modules/react-native/third-party-podspecs/RCT-Folly.podspec"
  RCTRequired:
    :path: "../../../node_modules/react-native/Libraries/RCTRequired"
  RCTTypeSafety:
    :path: "../../../node_modules/react-native/Libraries/TypeSafety"
  React:
    :path: "../../../node_modules/react-native/"
  React-callinvoker:
    :path: "../../../node_modules/react-native/ReactCommon/callinvoker"
  React-Codegen:
    :path: build/generated/ios
  React-Core:
    :path: "../../../node_modules/react-native/"
  React-CoreModules:
    :path: "../../../node_modules/react-native/React/CoreModules"
  React-cxxreact:
    :path: "../../../node_modules/react-native/ReactCommon/cxxreact"
  React-jsc:
    :path: "../../../node_modules/react-native/ReactCommon/jsc"
  React-jsi:
    :path: "../../../node_modules/react-native/ReactCommon/jsi"
  React-jsiexecutor:
    :path: "../../../node_modules/react-native/ReactCommon/jsiexecutor"
  React-jsinspector:
    :path: "../../../node_modules/react-native/ReactCommon/jsinspector"
  React-logger:
    :path: "../../../node_modules/react-native/ReactCommon/logger"
  react-native-blur:
    :path: "../../../node_modules/@react-native-community/blur"
  react-native-get-random-values:
    :path: "../../../node_modules/react-native-get-random-values"
  react-native-safe-area:
    :path: "../../../node_modules/react-native-safe-area"
  react-native-safe-area-context:
    :path: "../../../node_modules/react-native-safe-area-context"
  react-native-slider:
    :path: "../../../node_modules/@react-native-community/slider"
  react-native-video:
    :path: "../../../node_modules/react-native-video"
  react-native-webview:
    :path: "../../../node_modules/react-native-webview"
  React-perflogger:
    :path: "../../../node_modules/react-native/ReactCommon/reactperflogger"
  React-RCTActionSheet:
    :path: "../../../node_modules/react-native/Libraries/ActionSheetIOS"
  React-RCTAnimation:
    :path: "../../../node_modules/react-native/Libraries/NativeAnimation"
  React-RCTAppDelegate:
    :path: "../../../node_modules/react-native/Libraries/AppDelegate"
  React-RCTBlob:
    :path: "../../../node_modules/react-native/Libraries/Blob"
  React-RCTImage:
    :path: "../../../node_modules/react-native/Libraries/Image"
  React-RCTLinking:
    :path: "../../../node_modules/react-native/Libraries/LinkingIOS"
  React-RCTNetwork:
    :path: "../../../node_modules/react-native/Libraries/Network"
  React-RCTSettings:
    :path: "../../../node_modules/react-native/Libraries/Settings"
  React-RCTText:
    :path: "../../../node_modules/react-native/Libraries/Text"
  React-RCTVibration:
    :path: "../../../node_modules/react-native/Libraries/Vibration"
  React-runtimeexecutor:
    :path: "../../../node_modules/react-native/ReactCommon/runtimeexecutor"
  ReactCommon:
    :path: "../../../node_modules/react-native/ReactCommon"
  RNCClipboard:
    :path: "../../../node_modules/@react-native-clipboard/clipboard"
  RNCMaskedView:
    :path: "../../../node_modules/@react-native-masked-view/masked-view"
  RNFastImage:
    :path: "../../../node_modules/react-native-fast-image"
  RNGestureHandler:
    :path: "../../../node_modules/react-native-gesture-handler"
  RNReanimated:
    :path: "../../../node_modules/react-native-reanimated"
  RNScreens:
    :path: "../../../node_modules/react-native-screens"
  RNSVG:
    :path: "../../../node_modules/react-native-svg"
  RNTAztecView:
    :path: "../../react-native-aztec"
  Yoga:
    :path: "../../../node_modules/react-native/ReactCommon/yoga"

SPEC CHECKSUMS:
  boost: 57d2868c099736d80fcd648bf211b4431e51a558
  BVLinearGradient: fbe308a1d19a8133f69e033abc85d8008644f5e3
  DoubleConversion: 5189b271737e1565bdce30deb4a08d647e3f5f54
  FBLazyVector: c511d4cd0210f416cb5c289bd5ae6b36d909b048
  FBReactNativeSpec: f07662560742d82a5b73cee116c70b0b49bcc220
  fmt: ff9d55029c625d3757ed641535fd4a75fedc7ce9
  glog: 04b94705f318337d7ead9e6d17c019bd9b1f6b1b
  Gutenberg: 656841784dff643159705b6f22e11b4149696e8c
  libwebp: 60305b2e989864154bd9be3d772730f08fc6a59c
  RCT-Folly: 424b8c9a7a0b9ab2886ffe9c3b041ef628fd4fb1
  RCTRequired: f6187ec763637e6a57f5728dd9a3bdabc6d6b4e0
  RCTTypeSafety: a01aca2dd3b27fa422d5239252ad38e54e958750
  React: 741b4f5187e7a2137b69c88e65f940ba40600b4b
  React-callinvoker: 72ba74b2d5d690c497631191ae6eeca0c043d9cf
  React-Codegen: 6a3870e906e80066a9b707389846c692a02415d9
  React-Core: 9cf97a2d0830a024deffebe873407f6717bbcc19
  React-CoreModules: ffd19b082fc36b9b463fedf30955138b5426c053
  React-cxxreact: f88c74ac51e59c294fbf825974d377fcf9641eba
  React-jsc: 75bfda40ea4032b5018875355ab5ee089ac748bf
  React-jsi: 71ae5726d2b0fd6b0aaa0845a9294739cf4c95c6
  React-jsiexecutor: 089cd07c76ecf498960a64ba8ae0f2dddd382f44
  React-jsinspector: b6ed4cb3ffa27a041cd440300503dc512b761450
  React-logger: 186dd536128ae5924bc38ed70932c00aa740cd5b
  react-native-blur: 3e9c8e8e9f7d17fa1b94e1a0ae9fd816675f5382
  react-native-get-random-values: b6fb85e7169b9822976793e467458c151c3e8b69
  react-native-safe-area: c9cf765aa2dd96159476a99633e7d462ce5bb94f
  react-native-safe-area-context: 36cc67648134e89465663b8172336a19eeda493d
  react-native-slider: dff0d8a46f368a8d1bacd8638570d75b9b0be400
  react-native-video: 6dee623307ed9d04d1be2de87494f9a0fa2041d1
  react-native-webview: 9f111dfbcfc826084d6c507f569e5e03342ee1c1
  React-perflogger: e706562ab7eb8eb590aa83a224d26fa13963d7f2
  React-RCTActionSheet: 57d4bd98122f557479a3359ad5dad8e109e20c5a
  React-RCTAnimation: ccf3ef00101ea74bda73a045d79a658b36728a60
  React-RCTAppDelegate: de78bc79e1a469ffa275fbe3948356cea061c4bb
  React-RCTBlob: 519c8ecb8ef83ce461a5670bdaf2fef882af3393
  React-RCTImage: f2e4904566ccccaa4b704170fcc5ae144ca347bf
  React-RCTLinking: 52a3740e3651e30aa11dff5a6debed7395dd8169
  React-RCTNetwork: ea0976f2b3ffc7877cd7784e351dc460adf87b12
  React-RCTSettings: ed5ac992b23e25c65c3cc31f11b5c940ae5e3e60
  React-RCTText: c9dfc6722621d56332b4f3a19ac38105e7504145
  React-RCTVibration: f09f08de63e4122deb32506e20ca4cae6e4e14c1
  React-runtimeexecutor: 4817d63dbc9d658f8dc0ec56bd9b83ce531129f0
  ReactCommon: e2d70ebcd90a2eaab343fb0cc23bbdb5ac321f5c
  RNCClipboard: 3f0451a8100393908bea5c5c5b16f96d45f30bfc
  RNCMaskedView: 949696f25ec596bfc697fc88e6f95cf0c79669b6
  RNFastImage: 1f2cab428712a4baaf78d6169eaec7f622556dd7
  RNGestureHandler: f75d81410b40aaa99e71ae8f8bb7a88620c95042
  RNReanimated: df2567658c01135f9ff4709d372675bcb9fd1d83
  RNScreens: 68fd1060f57dd1023880bf4c05d74784b5392789
  RNSVG: 53c661b76829783cdaf9b7a57258f3d3b4c28315
  RNTAztecView: f6bc15f12a0c97e22a7c5ed1c2c5e4e9e93e65b7
  SDWebImage: a7f831e1a65eb5e285e3fb046a23fcfbf08e696d
  SDWebImageWebPCoder: 908b83b6adda48effe7667cd2b7f78c897e5111d
  WordPress-Aztec-iOS: 7d11d598f14c82c727c08b56bd35fbeb7dafb504
  Yoga: f7decafdc5e8c125e6fa0da38a687e35238420fa

PODFILE CHECKSUM: 13786fe1bd037b8f06258137c3f1269a82608b59

COCOAPODS: 1.11.3
