PODS:
  - boost (1.76.0)
  - BVLinearGradient (2.5.6-wp-2):
    - React-Core
  - DoubleConversion (1.1.6)
  - FBLazyVector (0.66.2)
  - FBReactNativeSpec (0.66.2):
    - RCT-Folly (= 2021.06.28.00-v2)
    - RCTRequired (= 0.66.2)
    - RCTTypeSafety (= 0.66.2)
    - React-Core (= 0.66.2)
    - React-jsi (= 0.66.2)
    - ReactCommon/turbomodule/core (= 0.66.2)
  - fmt (6.2.1)
  - glog (0.3.5)
  - Gutenberg (1.70.2):
    - React-Core (= 0.66.2)
    - React-CoreModules (= 0.66.2)
    - React-RCTImage (= 0.66.2)
    - RNTAztecView
  - RCT-Folly (2021.06.28.00-v2):
    - boost
    - DoubleConversion
    - fmt (~> 6.2.1)
    - glog
    - RCT-Folly/Default (= 2021.06.28.00-v2)
  - RCT-Folly/Default (2021.06.28.00-v2):
    - boost
    - DoubleConversion
    - fmt (~> 6.2.1)
    - glog
  - RCTRequired (0.66.2)
  - RCTTypeSafety (0.66.2):
    - FBLazyVector (= 0.66.2)
    - RCT-Folly (= 2021.06.28.00-v2)
    - RCTRequired (= 0.66.2)
    - React-Core (= 0.66.2)
  - React (0.66.2):
    - React-Core (= 0.66.2)
    - React-Core/DevSupport (= 0.66.2)
    - React-Core/RCTWebSocket (= 0.66.2)
    - React-RCTActionSheet (= 0.66.2)
    - React-RCTAnimation (= 0.66.2)
    - React-RCTBlob (= 0.66.2)
    - React-RCTImage (= 0.66.2)
    - React-RCTLinking (= 0.66.2)
    - React-RCTNetwork (= 0.66.2)
    - React-RCTSettings (= 0.66.2)
    - React-RCTText (= 0.66.2)
    - React-RCTVibration (= 0.66.2)
  - React-callinvoker (0.66.2)
  - React-Core (0.66.2):
    - glog
    - RCT-Folly (= 2021.06.28.00-v2)
    - React-Core/Default (= 0.66.2)
    - React-cxxreact (= 0.66.2)
    - React-jsi (= 0.66.2)
    - React-jsiexecutor (= 0.66.2)
    - React-perflogger (= 0.66.2)
    - Yoga
  - React-Core/CoreModulesHeaders (0.66.2):
    - glog
    - RCT-Folly (= 2021.06.28.00-v2)
    - React-Core/Default
    - React-cxxreact (= 0.66.2)
    - React-jsi (= 0.66.2)
    - React-jsiexecutor (= 0.66.2)
    - React-perflogger (= 0.66.2)
    - Yoga
  - React-Core/Default (0.66.2):
    - glog
    - RCT-Folly (= 2021.06.28.00-v2)
    - React-cxxreact (= 0.66.2)
    - React-jsi (= 0.66.2)
    - React-jsiexecutor (= 0.66.2)
    - React-perflogger (= 0.66.2)
    - Yoga
  - React-Core/DevSupport (0.66.2):
    - glog
    - RCT-Folly (= 2021.06.28.00-v2)
    - React-Core/Default (= 0.66.2)
    - React-Core/RCTWebSocket (= 0.66.2)
    - React-cxxreact (= 0.66.2)
    - React-jsi (= 0.66.2)
    - React-jsiexecutor (= 0.66.2)
    - React-jsinspector (= 0.66.2)
    - React-perflogger (= 0.66.2)
    - Yoga
  - React-Core/RCTActionSheetHeaders (0.66.2):
    - glog
    - RCT-Folly (= 2021.06.28.00-v2)
    - React-Core/Default
    - React-cxxreact (= 0.66.2)
    - React-jsi (= 0.66.2)
    - React-jsiexecutor (= 0.66.2)
    - React-perflogger (= 0.66.2)
    - Yoga
  - React-Core/RCTAnimationHeaders (0.66.2):
    - glog
    - RCT-Folly (= 2021.06.28.00-v2)
    - React-Core/Default
    - React-cxxreact (= 0.66.2)
    - React-jsi (= 0.66.2)
    - React-jsiexecutor (= 0.66.2)
    - React-perflogger (= 0.66.2)
    - Yoga
  - React-Core/RCTBlobHeaders (0.66.2):
    - glog
    - RCT-Folly (= 2021.06.28.00-v2)
    - React-Core/Default
    - React-cxxreact (= 0.66.2)
    - React-jsi (= 0.66.2)
    - React-jsiexecutor (= 0.66.2)
    - React-perflogger (= 0.66.2)
    - Yoga
  - React-Core/RCTImageHeaders (0.66.2):
    - glog
    - RCT-Folly (= 2021.06.28.00-v2)
    - React-Core/Default
    - React-cxxreact (= 0.66.2)
    - React-jsi (= 0.66.2)
    - React-jsiexecutor (= 0.66.2)
    - React-perflogger (= 0.66.2)
    - Yoga
  - React-Core/RCTLinkingHeaders (0.66.2):
    - glog
    - RCT-Folly (= 2021.06.28.00-v2)
    - React-Core/Default
    - React-cxxreact (= 0.66.2)
    - React-jsi (= 0.66.2)
    - React-jsiexecutor (= 0.66.2)
    - React-perflogger (= 0.66.2)
    - Yoga
  - React-Core/RCTNetworkHeaders (0.66.2):
    - glog
    - RCT-Folly (= 2021.06.28.00-v2)
    - React-Core/Default
    - React-cxxreact (= 0.66.2)
    - React-jsi (= 0.66.2)
    - React-jsiexecutor (= 0.66.2)
    - React-perflogger (= 0.66.2)
    - Yoga
  - React-Core/RCTSettingsHeaders (0.66.2):
    - glog
    - RCT-Folly (= 2021.06.28.00-v2)
    - React-Core/Default
    - React-cxxreact (= 0.66.2)
    - React-jsi (= 0.66.2)
    - React-jsiexecutor (= 0.66.2)
    - React-perflogger (= 0.66.2)
    - Yoga
  - React-Core/RCTTextHeaders (0.66.2):
    - glog
    - RCT-Folly (= 2021.06.28.00-v2)
    - React-Core/Default
    - React-cxxreact (= 0.66.2)
    - React-jsi (= 0.66.2)
    - React-jsiexecutor (= 0.66.2)
    - React-perflogger (= 0.66.2)
    - Yoga
  - React-Core/RCTVibrationHeaders (0.66.2):
    - glog
    - RCT-Folly (= 2021.06.28.00-v2)
    - React-Core/Default
    - React-cxxreact (= 0.66.2)
    - React-jsi (= 0.66.2)
    - React-jsiexecutor (= 0.66.2)
    - React-perflogger (= 0.66.2)
    - Yoga
  - React-Core/RCTWebSocket (0.66.2):
    - glog
    - RCT-Folly (= 2021.06.28.00-v2)
    - React-Core/Default (= 0.66.2)
    - React-cxxreact (= 0.66.2)
    - React-jsi (= 0.66.2)
    - React-jsiexecutor (= 0.66.2)
    - React-perflogger (= 0.66.2)
    - Yoga
  - React-CoreModules (0.66.2):
    - FBReactNativeSpec (= 0.66.2)
    - RCT-Folly (= 2021.06.28.00-v2)
    - RCTTypeSafety (= 0.66.2)
    - React-Core/CoreModulesHeaders (= 0.66.2)
    - React-jsi (= 0.66.2)
    - React-RCTImage (= 0.66.2)
    - ReactCommon/turbomodule/core (= 0.66.2)
  - React-cxxreact (0.66.2):
    - boost (= 1.76.0)
    - DoubleConversion
    - glog
    - RCT-Folly (= 2021.06.28.00-v2)
    - React-callinvoker (= 0.66.2)
    - React-jsi (= 0.66.2)
    - React-jsinspector (= 0.66.2)
    - React-logger (= 0.66.2)
    - React-perflogger (= 0.66.2)
    - React-runtimeexecutor (= 0.66.2)
  - React-jsi (0.66.2):
    - boost (= 1.76.0)
    - DoubleConversion
    - glog
    - RCT-Folly (= 2021.06.28.00-v2)
    - React-jsi/Default (= 0.66.2)
  - React-jsi/Default (0.66.2):
    - boost (= 1.76.0)
    - DoubleConversion
    - glog
    - RCT-Folly (= 2021.06.28.00-v2)
  - React-jsiexecutor (0.66.2):
    - DoubleConversion
    - glog
    - RCT-Folly (= 2021.06.28.00-v2)
    - React-cxxreact (= 0.66.2)
    - React-jsi (= 0.66.2)
    - React-perflogger (= 0.66.2)
  - React-jsinspector (0.66.2)
  - React-logger (0.66.2):
    - glog
  - react-native-blur (0.8.0):
    - React-Core
  - react-native-get-random-values (1.4.0-wp-2):
    - React-Core
  - react-native-keyboard-aware-scroll-view (0.8.8-wp-1):
    - React-Core
  - react-native-safe-area (0.5.1):
    - React-Core
  - react-native-safe-area-context (3.2.0-wp-2):
    - React-Core
  - react-native-slider (3.0.2-wp-2):
    - React-Core
  - react-native-video (5.0.2-wp-2):
    - React-Core
    - react-native-video/Video (= 5.0.2-wp-2)
  - react-native-video/Video (5.0.2-wp-2):
    - React-Core
  - react-native-webview (11.6.5-wp-2):
    - React-Core
  - React-perflogger (0.66.2)
  - React-RCTActionSheet (0.66.2):
    - React-Core/RCTActionSheetHeaders (= 0.66.2)
  - React-RCTAnimation (0.66.2):
    - FBReactNativeSpec (= 0.66.2)
    - RCT-Folly (= 2021.06.28.00-v2)
    - RCTTypeSafety (= 0.66.2)
    - React-Core/RCTAnimationHeaders (= 0.66.2)
    - React-jsi (= 0.66.2)
    - ReactCommon/turbomodule/core (= 0.66.2)
  - React-RCTBlob (0.66.2):
    - FBReactNativeSpec (= 0.66.2)
    - RCT-Folly (= 2021.06.28.00-v2)
    - React-Core/RCTBlobHeaders (= 0.66.2)
    - React-Core/RCTWebSocket (= 0.66.2)
    - React-jsi (= 0.66.2)
    - React-RCTNetwork (= 0.66.2)
    - ReactCommon/turbomodule/core (= 0.66.2)
  - React-RCTImage (0.66.2):
    - FBReactNativeSpec (= 0.66.2)
    - RCT-Folly (= 2021.06.28.00-v2)
    - RCTTypeSafety (= 0.66.2)
    - React-Core/RCTImageHeaders (= 0.66.2)
    - React-jsi (= 0.66.2)
    - React-RCTNetwork (= 0.66.2)
    - ReactCommon/turbomodule/core (= 0.66.2)
  - React-RCTLinking (0.66.2):
    - FBReactNativeSpec (= 0.66.2)
    - React-Core/RCTLinkingHeaders (= 0.66.2)
    - React-jsi (= 0.66.2)
    - ReactCommon/turbomodule/core (= 0.66.2)
  - React-RCTNetwork (0.66.2):
    - FBReactNativeSpec (= 0.66.2)
    - RCT-Folly (= 2021.06.28.00-v2)
    - RCTTypeSafety (= 0.66.2)
    - React-Core/RCTNetworkHeaders (= 0.66.2)
    - React-jsi (= 0.66.2)
    - ReactCommon/turbomodule/core (= 0.66.2)
  - React-RCTSettings (0.66.2):
    - FBReactNativeSpec (= 0.66.2)
    - RCT-Folly (= 2021.06.28.00-v2)
    - RCTTypeSafety (= 0.66.2)
    - React-Core/RCTSettingsHeaders (= 0.66.2)
    - React-jsi (= 0.66.2)
    - ReactCommon/turbomodule/core (= 0.66.2)
  - React-RCTText (0.66.2):
    - React-Core/RCTTextHeaders (= 0.66.2)
  - React-RCTVibration (0.66.2):
    - FBReactNativeSpec (= 0.66.2)
    - RCT-Folly (= 2021.06.28.00-v2)
    - React-Core/RCTVibrationHeaders (= 0.66.2)
    - React-jsi (= 0.66.2)
    - ReactCommon/turbomodule/core (= 0.66.2)
  - React-runtimeexecutor (0.66.2):
    - React-jsi (= 0.66.2)
  - ReactCommon/turbomodule/core (0.66.2):
    - DoubleConversion
    - glog
    - RCT-Folly (= 2021.06.28.00-v2)
    - React-callinvoker (= 0.66.2)
    - React-Core (= 0.66.2)
    - React-cxxreact (= 0.66.2)
    - React-jsi (= 0.66.2)
    - React-logger (= 0.66.2)
    - React-perflogger (= 0.66.2)
  - RNCClipboard (1.9.0-wp-1):
    - React-Core
  - RNCMaskedView (0.1.11-wp-2):
    - React-Core
  - RNGestureHandler (1.10.1-wp-4):
    - React-Core
  - RNReanimated (1.9.0-wp-2):
    - React-Core
  - RNScreens (2.9.0-wp-2):
    - React-Core
  - RNSVG (9.13.7-wp-2):
    - React-Core
  - RNTAztecView (1.70.2):
    - React-Core
    - WordPress-Aztec-iOS (~> 1.19.7)
  - WordPress-Aztec-iOS (1.19.7)
  - Yoga (1.14.0)

DEPENDENCIES:
  - boost (from `../../../node_modules/react-native/third-party-podspecs/boost.podspec`)
  - BVLinearGradient (from `../../../node_modules/react-native-linear-gradient`)
  - DoubleConversion (from `../../../node_modules/react-native/third-party-podspecs/DoubleConversion.podspec`)
  - FBLazyVector (from `../../../node_modules/react-native/Libraries/FBLazyVector`)
  - FBReactNativeSpec (from `../../../node_modules/react-native/React/FBReactNativeSpec`)
  - glog (from `../../../node_modules/react-native/third-party-podspecs/glog.podspec`)
  - Gutenberg (from `../../react-native-bridge`)
  - RCT-Folly (from `../../../node_modules/react-native/third-party-podspecs/RCT-Folly.podspec`)
  - RCTRequired (from `../../../node_modules/react-native/Libraries/RCTRequired`)
  - RCTTypeSafety (from `../../../node_modules/react-native/Libraries/TypeSafety`)
  - React (from `../../../node_modules/react-native/`)
  - React-callinvoker (from `../../../node_modules/react-native/ReactCommon/callinvoker`)
  - React-Core (from `../../../node_modules/react-native/`)
  - React-Core/DevSupport (from `../../../node_modules/react-native/`)
  - React-Core/RCTWebSocket (from `../../../node_modules/react-native/`)
  - React-CoreModules (from `../../../node_modules/react-native/React/CoreModules`)
  - React-cxxreact (from `../../../node_modules/react-native/ReactCommon/cxxreact`)
  - React-jsi (from `../../../node_modules/react-native/ReactCommon/jsi`)
  - React-jsiexecutor (from `../../../node_modules/react-native/ReactCommon/jsiexecutor`)
  - React-jsinspector (from `../../../node_modules/react-native/ReactCommon/jsinspector`)
  - React-logger (from `../../../node_modules/react-native/ReactCommon/logger`)
  - "react-native-blur (from `../../../node_modules/@react-native-community/blur`)"
  - react-native-get-random-values (from `../../../node_modules/react-native-get-random-values`)
  - react-native-keyboard-aware-scroll-view (from `../../../node_modules/react-native-keyboard-aware-scroll-view`)
  - react-native-safe-area (from `../../../node_modules/react-native-safe-area`)
  - react-native-safe-area-context (from `../../../node_modules/react-native-safe-area-context`)
  - "react-native-slider (from `../../../node_modules/@react-native-community/slider`)"
  - react-native-video (from `../../../node_modules/react-native-video`)
  - react-native-webview (from `../../../node_modules/react-native-webview`)
  - React-perflogger (from `../../../node_modules/react-native/ReactCommon/reactperflogger`)
  - React-RCTActionSheet (from `../../../node_modules/react-native/Libraries/ActionSheetIOS`)
  - React-RCTAnimation (from `../../../node_modules/react-native/Libraries/NativeAnimation`)
  - React-RCTBlob (from `../../../node_modules/react-native/Libraries/Blob`)
  - React-RCTImage (from `../../../node_modules/react-native/Libraries/Image`)
  - React-RCTLinking (from `../../../node_modules/react-native/Libraries/LinkingIOS`)
  - React-RCTNetwork (from `../../../node_modules/react-native/Libraries/Network`)
  - React-RCTSettings (from `../../../node_modules/react-native/Libraries/Settings`)
  - React-RCTText (from `../../../node_modules/react-native/Libraries/Text`)
  - React-RCTVibration (from `../../../node_modules/react-native/Libraries/Vibration`)
  - React-runtimeexecutor (from `../../../node_modules/react-native/ReactCommon/runtimeexecutor`)
  - ReactCommon/turbomodule/core (from `../../../node_modules/react-native/ReactCommon`)
  - "RNCClipboard (from `../../../node_modules/@react-native-clipboard/clipboard`)"
  - "RNCMaskedView (from `../../../node_modules/@react-native-community/masked-view`)"
  - RNGestureHandler (from `../../../node_modules/react-native-gesture-handler`)
  - RNReanimated (from `../../../node_modules/react-native-reanimated`)
  - RNScreens (from `../../../node_modules/react-native-screens`)
  - RNSVG (from `../../../node_modules/react-native-svg`)
  - RNTAztecView (from `../../react-native-aztec`)
  - Yoga (from `../../../node_modules/react-native/ReactCommon/yoga`)

SPEC REPOS:
  trunk:
    - fmt
    - WordPress-Aztec-iOS

EXTERNAL SOURCES:
  boost:
    :podspec: "../../../node_modules/react-native/third-party-podspecs/boost.podspec"
  BVLinearGradient:
    :path: "../../../node_modules/react-native-linear-gradient"
  DoubleConversion:
    :podspec: "../../../node_modules/react-native/third-party-podspecs/DoubleConversion.podspec"
  FBLazyVector:
    :path: "../../../node_modules/react-native/Libraries/FBLazyVector"
  FBReactNativeSpec:
    :path: "../../../node_modules/react-native/React/FBReactNativeSpec"
  glog:
    :podspec: "../../../node_modules/react-native/third-party-podspecs/glog.podspec"
  Gutenberg:
    :path: "../../react-native-bridge"
  RCT-Folly:
    :podspec: "../../../node_modules/react-native/third-party-podspecs/RCT-Folly.podspec"
  RCTRequired:
    :path: "../../../node_modules/react-native/Libraries/RCTRequired"
  RCTTypeSafety:
    :path: "../../../node_modules/react-native/Libraries/TypeSafety"
  React:
    :path: "../../../node_modules/react-native/"
  React-callinvoker:
    :path: "../../../node_modules/react-native/ReactCommon/callinvoker"
  React-Core:
    :path: "../../../node_modules/react-native/"
  React-CoreModules:
    :path: "../../../node_modules/react-native/React/CoreModules"
  React-cxxreact:
    :path: "../../../node_modules/react-native/ReactCommon/cxxreact"
  React-jsi:
    :path: "../../../node_modules/react-native/ReactCommon/jsi"
  React-jsiexecutor:
    :path: "../../../node_modules/react-native/ReactCommon/jsiexecutor"
  React-jsinspector:
    :path: "../../../node_modules/react-native/ReactCommon/jsinspector"
  React-logger:
    :path: "../../../node_modules/react-native/ReactCommon/logger"
  react-native-blur:
    :path: "../../../node_modules/@react-native-community/blur"
  react-native-get-random-values:
    :path: "../../../node_modules/react-native-get-random-values"
  react-native-keyboard-aware-scroll-view:
    :path: "../../../node_modules/react-native-keyboard-aware-scroll-view"
  react-native-safe-area:
    :path: "../../../node_modules/react-native-safe-area"
  react-native-safe-area-context:
    :path: "../../../node_modules/react-native-safe-area-context"
  react-native-slider:
    :path: "../../../node_modules/@react-native-community/slider"
  react-native-video:
    :path: "../../../node_modules/react-native-video"
  react-native-webview:
    :path: "../../../node_modules/react-native-webview"
  React-perflogger:
    :path: "../../../node_modules/react-native/ReactCommon/reactperflogger"
  React-RCTActionSheet:
    :path: "../../../node_modules/react-native/Libraries/ActionSheetIOS"
  React-RCTAnimation:
    :path: "../../../node_modules/react-native/Libraries/NativeAnimation"
  React-RCTBlob:
    :path: "../../../node_modules/react-native/Libraries/Blob"
  React-RCTImage:
    :path: "../../../node_modules/react-native/Libraries/Image"
  React-RCTLinking:
    :path: "../../../node_modules/react-native/Libraries/LinkingIOS"
  React-RCTNetwork:
    :path: "../../../node_modules/react-native/Libraries/Network"
  React-RCTSettings:
    :path: "../../../node_modules/react-native/Libraries/Settings"
  React-RCTText:
    :path: "../../../node_modules/react-native/Libraries/Text"
  React-RCTVibration:
    :path: "../../../node_modules/react-native/Libraries/Vibration"
  React-runtimeexecutor:
    :path: "../../../node_modules/react-native/ReactCommon/runtimeexecutor"
  ReactCommon:
    :path: "../../../node_modules/react-native/ReactCommon"
  RNCClipboard:
    :path: "../../../node_modules/@react-native-clipboard/clipboard"
  RNCMaskedView:
    :path: "../../../node_modules/@react-native-community/masked-view"
  RNGestureHandler:
    :path: "../../../node_modules/react-native-gesture-handler"
  RNReanimated:
    :path: "../../../node_modules/react-native-reanimated"
  RNScreens:
    :path: "../../../node_modules/react-native-screens"
  RNSVG:
    :path: "../../../node_modules/react-native-svg"
  RNTAztecView:
    :path: "../../react-native-aztec"
  Yoga:
    :path: "../../../node_modules/react-native/ReactCommon/yoga"

SPEC CHECKSUMS:
  boost: a7c83b31436843459a1961bfd74b96033dc77234
  BVLinearGradient: f6eff3552b842aac99ff6f21197e57f87cfd956d
  DoubleConversion: 831926d9b8bf8166fd87886c4abab286c2422662
  FBLazyVector: 57a8b34460679fb69e1ce7d625b04dbd1596b1f1
  FBReactNativeSpec: 18438b1c04ce502ed681cd19db3f4508964c082a
  fmt: ff9d55029c625d3757ed641535fd4a75fedc7ce9
  glog: 5337263514dd6f09803962437687240c5dc39aa4
  Gutenberg: 06f33910cbc56140fff5642e7f852a4851e11de5
  RCT-Folly: a21c126816d8025b547704b777a2ba552f3d9fa9
  RCTRequired: 5e9e85f48da8dd447f5834ce14c6799ea8c7f41a
  RCTTypeSafety: aba333d04d88d1f954e93666a08d7ae57a87ab30
  React: a8f119296b97812f73af5ae0eb1f26cf262ae4b4
  React-callinvoker: ce22372414af68085a32174d5dfbd41ea03799e6
  React-Core: 9fb6365464ecc235d7023ee7f868dc643ca20f41
  React-CoreModules: 9874a32779eadf7492fb85e71fbc5eeab733df32
  React-cxxreact: e562a15aba33752febb3125bad4e329e8d024252
  React-jsi: 78f1c0eb3f9054d15745e89e06f9dc17de4d07da
  React-jsiexecutor: 573adf0d6ce5e05c55872dfde5b1589acb88a96f
  React-jsinspector: b08b2d5e86cef9dc4bb69f0aa0bbe6d210fb7da5
  React-logger: faee236598b0f7e1a5e3b68577016ac451f1f993
  react-native-blur: ef741a08d020010ba65e411be0ab82d1d325e7ad
  react-native-get-random-values: 6296ac9e84928625ffb34ca74ab684bbda8747a8
  react-native-keyboard-aware-scroll-view: 0bc6c2dfe9056935a40dc1a70e764b7a1bbf6568
  react-native-safe-area: c9cf765aa2dd96159476a99633e7d462ce5bb94f
  react-native-safe-area-context: fb0338ddfcd1b163e1506d5ebd9b4444348e7501
  react-native-slider: d4c3367c5db5d2bec3ac0ab9d15ebb73d896034c
  react-native-video: 41ac75a71f6a6d3a9f56ba792786c4fe77e22ac0
  react-native-webview: 8480d6e71b06e3d1d2fd644de6313108e7b65f90
  React-perflogger: 5ab487cacfe6ec19bfe3d3f8072bf71eb07d63da
  React-RCTActionSheet: 03f25695e095fb5aa003828620943c74cc281fec
  React-RCTAnimation: eaf82da39f0c36fb0ef2a28df797c5f73a2a98ea
  React-RCTBlob: c8b58e70faa2ff482a8eb99491c8b12c4477bc74
  React-RCTImage: 92a0471a03c55d445ede02516176d852120280bf
  React-RCTLinking: 9a4482710586877671e19f0a564c2a745153f26f
  React-RCTNetwork: 3801dd1ce7873db828a2d824ee2d4f25a0abf7d0
  React-RCTSettings: a5d35733c27853177935185b76a3a0f7aa594dc9
  React-RCTText: 6d8d3bc93c4595caf1f681198271cd4630759a74
  React-RCTVibration: 3e815c3d2dd2e0e931b68595b5b92d23ba38b3fb
  React-runtimeexecutor: 393e26602c1b248683372051e34db63e359e3b01
  ReactCommon: c0263c1a41509aeb94be3214fa7bc3b71eae5ef6
  RNCClipboard: def60a5048b473addc5dbac5abee5d896c08ec1b
  RNCMaskedView: 1c8ad5b657280e8c7ebf7866277e1ff820ae48c9
  RNGestureHandler: 0c0e58f463a725fa37d8643d50da6abf300f7844
  RNReanimated: 7d8459391b2f3e1dc6dea919307db4adf4c1d254
  RNScreens: ec0e85d1babdd61d7ec78c98072d9e6b62d96ff6
  RNSVG: b3b9c40381636e5116894398d72a830be15b7258
  RNTAztecView: c970d19e41e92874bae94fe5d5f1522e618d1eef
  WordPress-Aztec-iOS: 144f124148079084860368dfd27cb96e0952853e
  Yoga: 9a08effa851c1d8cc1647691895540bc168ea65f

PODFILE CHECKSUM: 563423e4045de5607d9ba4dd3a53595bb1a8c8cc

COCOAPODS: 1.10.1
