{
	"name": "@wordpress/global-styles",
	"version": "0.0.1",
	"lockfileVersion": 1,
	"requires": true,
	"dependencies": {
		"@wordpress/compose": {
			"version": "3.11.0",
			"resolved": "https://registry.npmjs.org/@wordpress/compose/-/compose-3.11.0.tgz",
			"integrity": "sha512-CNbLn9NtG2A0X71wjEux126uEHpWp3v546FtSgMoWlq73z3LEEBDoEeS2glIPAbIK6e1X2UibsKrn5Tn651tlg==",
			"requires": {
				"@babel/runtime": "^7.8.3",
				"@wordpress/element": "^2.11.0",
				"@wordpress/is-shallow-equal": "^1.8.0",
				"lodash": "^4.17.15",
				"mousetrap": "^1.6.2"
			},
			"dependencies": {
				"@babel/runtime": {
					"version": "7.8.4",
					"resolved": "https://registry.npmjs.org/@babel/runtime/-/runtime-7.8.4.tgz",
					"integrity": "sha512-neAp3zt80trRVBI1x0azq6c57aNBqYZH8KhMm3TaB7wEI5Q4A2SHfBHE8w9gOhI/lrqxtEbXZgQIrHP+wvSGwQ==",
					"requires": {
						"regenerator-runtime": "^0.13.2"
					}
				},
				"@wordpress/element": {
					"version": "2.11.0",
					"resolved": "https://registry.npmjs.org/@wordpress/element/-/element-2.11.0.tgz",
					"integrity": "sha512-56ZO8a+E7QEsYwiqS+3BQPSHrCPsOAIEz5smXzntb2f6BjvOKeA64pup40mdn1pNGexe06LBA8cjoZVdLBHB1w==",
					"requires": {
						"@babel/runtime": "^7.8.3",
						"@wordpress/escape-html": "^1.7.0",
						"lodash": "^4.17.15",
						"react": "^16.9.0",
						"react-dom": "^16.9.0"
					}
				}
			}
		},
		"@wordpress/data": {
			"version": "4.14.0",
			"resolved": "https://registry.npmjs.org/@wordpress/data/-/data-4.14.0.tgz",
			"integrity": "sha512-Q4N3DnIgzmYh2xTgBY8e6Mwu6Y8UeBSX686u3Ypu9GjgSj/XJnLD741+eowVGxbZCEA8NnqBL+R40zgoT75YmA==",
			"requires": {
				"@babel/runtime": "^7.8.3",
				"@wordpress/compose": "^3.11.0",
				"@wordpress/deprecated": "^2.7.0",
				"@wordpress/element": "^2.11.0",
				"@wordpress/is-shallow-equal": "^1.8.0",
				"@wordpress/priority-queue": "^1.5.0",
				"@wordpress/redux-routine": "^3.7.0",
				"equivalent-key-map": "^0.2.2",
				"is-promise": "^2.1.0",
				"lodash": "^4.17.15",
				"memize": "^1.0.5",
				"redux": "^4.0.0",
				"turbo-combine-reducers": "^1.0.2",
				"use-memo-one": "^1.1.1"
			},
			"dependencies": {
				"@babel/runtime": {
					"version": "7.8.4",
					"resolved": "https://registry.npmjs.org/@babel/runtime/-/runtime-7.8.4.tgz",
					"integrity": "sha512-neAp3zt80trRVBI1x0azq6c57aNBqYZH8KhMm3TaB7wEI5Q4A2SHfBHE8w9gOhI/lrqxtEbXZgQIrHP+wvSGwQ==",
					"requires": {
						"regenerator-runtime": "^0.13.2"
					}
				},
				"@wordpress/element": {
					"version": "2.11.0",
					"resolved": "https://registry.npmjs.org/@wordpress/element/-/element-2.11.0.tgz",
					"integrity": "sha512-56ZO8a+E7QEsYwiqS+3BQPSHrCPsOAIEz5smXzntb2f6BjvOKeA64pup40mdn1pNGexe06LBA8cjoZVdLBHB1w==",
					"requires": {
						"@babel/runtime": "^7.8.3",
						"@wordpress/escape-html": "^1.7.0",
						"lodash": "^4.17.15",
						"react": "^16.9.0",
						"react-dom": "^16.9.0"
					}
				}
			}
		},
		"@wordpress/deprecated": {
			"version": "2.7.0",
			"resolved": "https://registry.npmjs.org/@wordpress/deprecated/-/deprecated-2.7.0.tgz",
			"integrity": "sha512-Pq5r2/p0+3BgwkinSRMTky+iNerm34qPQeil0UCtFxNP5usJaK2ZI0W/pv6DokomOtxTNZyv2lMRlUoXmglDuQ==",
			"requires": {
				"@babel/runtime": "^7.8.3",
				"@wordpress/hooks": "^2.7.0"
			},
			"dependencies": {
				"@babel/runtime": {
					"version": "7.8.4",
					"resolved": "https://registry.npmjs.org/@babel/runtime/-/runtime-7.8.4.tgz",
					"integrity": "sha512-neAp3zt80trRVBI1x0azq6c57aNBqYZH8KhMm3TaB7wEI5Q4A2SHfBHE8w9gOhI/lrqxtEbXZgQIrHP+wvSGwQ==",
					"requires": {
						"regenerator-runtime": "^0.13.2"
					}
				}
			}
		},
		"@wordpress/escape-html": {
			"version": "1.7.0",
			"resolved": "https://registry.npmjs.org/@wordpress/escape-html/-/escape-html-1.7.0.tgz",
			"integrity": "sha512-xDOBo0P3Jnbdbb/UypsQaplsD2k4UXgd/EpKhMAKhDa2m20GxWWmEKW9IB3/5bS4Rh2YZjVM9WL4JyWPUo4hEA==",
			"requires": {
				"@babel/runtime": "^7.8.3"
			},
			"dependencies": {
				"@babel/runtime": {
					"version": "7.8.4",
					"resolved": "https://registry.npmjs.org/@babel/runtime/-/runtime-7.8.4.tgz",
					"integrity": "sha512-neAp3zt80trRVBI1x0azq6c57aNBqYZH8KhMm3TaB7wEI5Q4A2SHfBHE8w9gOhI/lrqxtEbXZgQIrHP+wvSGwQ==",
					"requires": {
						"regenerator-runtime": "^0.13.2"
					}
				}
			}
		},
		"@wordpress/hooks": {
			"version": "2.7.0",
			"resolved": "https://registry.npmjs.org/@wordpress/hooks/-/hooks-2.7.0.tgz",
			"integrity": "sha512-Cr8uGEVxuGLkMq9UsbfAQqSTFVGBDhP8PagyIYJRUX6OkLiUF72OyT3xox7aM+ZlSr3INle2mEO+ZLPw0ieIPg==",
			"requires": {
				"@babel/runtime": "^7.8.3"
			},
			"dependencies": {
				"@babel/runtime": {
					"version": "7.8.4",
					"resolved": "https://registry.npmjs.org/@babel/runtime/-/runtime-7.8.4.tgz",
					"integrity": "sha512-neAp3zt80trRVBI1x0azq6c57aNBqYZH8KhMm3TaB7wEI5Q4A2SHfBHE8w9gOhI/lrqxtEbXZgQIrHP+wvSGwQ==",
					"requires": {
						"regenerator-runtime": "^0.13.2"
					}
				}
			}
		},
		"@wordpress/is-shallow-equal": {
			"version": "1.8.0",
			"resolved": "https://registry.npmjs.org/@wordpress/is-shallow-equal/-/is-shallow-equal-1.8.0.tgz",
			"integrity": "sha512-OV3qJqP9LhjuOzt85TsyBwv+//CvC8Byf/81D3NmjPKlstLaD/bBCC5nBhH6dKAv4bShYtQ2Hmut+V4dZnOM1A==",
			"requires": {
				"@babel/runtime": "^7.8.3"
			},
			"dependencies": {
				"@babel/runtime": {
					"version": "7.8.4",
					"resolved": "https://registry.npmjs.org/@babel/runtime/-/runtime-7.8.4.tgz",
					"integrity": "sha512-neAp3zt80trRVBI1x0azq6c57aNBqYZH8KhMm3TaB7wEI5Q4A2SHfBHE8w9gOhI/lrqxtEbXZgQIrHP+wvSGwQ==",
					"requires": {
						"regenerator-runtime": "^0.13.2"
					}
				}
			}
		},
		"@wordpress/priority-queue": {
			"version": "1.5.0",
			"resolved": "https://registry.npmjs.org/@wordpress/priority-queue/-/priority-queue-1.5.0.tgz",
			"integrity": "sha512-r5Pqv2TXNP7yqDiBhsD/cemnoC/mpnUhOZC1HlJ1mdRSvfIkCk4TDONIAae/MexItVZzxLXdtepIa4FIar1r+w==",
			"requires": {
				"@babel/runtime": "^7.8.3"
			},
			"dependencies": {
				"@babel/runtime": {
					"version": "7.8.4",
					"resolved": "https://registry.npmjs.org/@babel/runtime/-/runtime-7.8.4.tgz",
					"integrity": "sha512-neAp3zt80trRVBI1x0azq6c57aNBqYZH8KhMm3TaB7wEI5Q4A2SHfBHE8w9gOhI/lrqxtEbXZgQIrHP+wvSGwQ==",
					"requires": {
						"regenerator-runtime": "^0.13.2"
					}
				}
			}
		},
		"@wordpress/redux-routine": {
			"version": "3.7.0",
			"resolved": "https://registry.npmjs.org/@wordpress/redux-routine/-/redux-routine-3.7.0.tgz",
			"integrity": "sha512-dnt/NA4bgXDdkoTlmZrb5QFSgYoVH/lHrJEpy32KyIkxgF8SCvu8aU5lz08hQaV2MQ3OCJA8WtLIAMw0nCidPg==",
			"requires": {
				"@babel/runtime": "^7.8.3",
				"is-promise": "^2.1.0",
				"lodash": "^4.17.15",
				"rungen": "^0.3.2"
			},
			"dependencies": {
				"@babel/runtime": {
					"version": "7.8.4",
					"resolved": "https://registry.npmjs.org/@babel/runtime/-/runtime-7.8.4.tgz",
					"integrity": "sha512-neAp3zt80trRVBI1x0azq6c57aNBqYZH8KhMm3TaB7wEI5Q4A2SHfBHE8w9gOhI/lrqxtEbXZgQIrHP+wvSGwQ==",
					"requires": {
						"regenerator-runtime": "^0.13.2"
					}
				}
			}
		},
		"equivalent-key-map": {
			"version": "0.2.2",
			"resolved": "https://registry.npmjs.org/equivalent-key-map/-/equivalent-key-map-0.2.2.tgz",
			"integrity": "sha512-xvHeyCDbZzkpN4VHQj/n+j2lOwL0VWszG30X4cOrc9Y7Tuo2qCdZK/0AMod23Z5dCtNUbaju6p0rwOhHUk05ew=="
		},
		"is-promise": {
			"version": "2.1.0",
			"resolved": "https://registry.npmjs.org/is-promise/-/is-promise-2.1.0.tgz",
			"integrity": "sha1-eaKp7OfwlugPNtKy87wWwf9L8/o="
		},
		"js-tokens": {
			"version": "4.0.0",
			"resolved": "https://registry.npmjs.org/js-tokens/-/js-tokens-4.0.0.tgz",
			"integrity": "sha512-RdJUflcE3cUzKiMqQgsCu06FPu9UdIJO0beYbPhHN4k6apgJtifcoCtT9bcxOpYBtpD2kCM6Sbzg4CausW/PKQ=="
		},
		"lodash": {
			"version": "4.17.15",
			"resolved": "https://registry.npmjs.org/lodash/-/lodash-4.17.15.tgz",
			"integrity": "sha512-8xOcRHvCjnocdS5cpwXQXVzmmh5e5+saE2QGoeQmbKmRS6J3VQppPOIt0MnmE+4xlZoumy0GPG0D0MVIQbNA1A=="
		},
		"loose-envify": {
			"version": "1.4.0",
			"resolved": "https://registry.npmjs.org/loose-envify/-/loose-envify-1.4.0.tgz",
			"integrity": "sha512-lyuxPGr/Wfhrlem2CL/UcnUc1zcqKAImBDzukY7Y5F/yQiNdko6+fRLevlw1HgMySw7f611UIY408EtxRSoK3Q==",
			"requires": {
				"js-tokens": "^3.0.0 || ^4.0.0"
			}
		},
		"memize": {
			"version": "1.0.5",
			"resolved": "https://registry.npmjs.org/memize/-/memize-1.0.5.tgz",
			"integrity": "sha512-Dm8Jhb5kiC4+ynYsVR4QDXKt+o2dfqGuY4hE2x+XlXZkdndlT80bJxfcMv5QGp/FCy6MhG7f5ElpmKPFKOSEpg=="
		},
		"mousetrap": {
			"version": "1.6.5",
			"resolved": "https://registry.npmjs.org/mousetrap/-/mousetrap-1.6.5.tgz",
			"integrity": "sha512-QNo4kEepaIBwiT8CDhP98umTetp+JNfQYBWvC1pc6/OAibuXtRcxZ58Qz8skvEHYvURne/7R8T5VoOI7rDsEUA=="
		},
		"object-assign": {
			"version": "4.1.1",
			"resolved": "https://registry.npmjs.org/object-assign/-/object-assign-4.1.1.tgz",
			"integrity": "sha1-IQmtx5ZYh8/AXLvUQsrIv7s2CGM="
		},
		"prop-types": {
			"version": "15.7.2",
			"resolved": "https://registry.npmjs.org/prop-types/-/prop-types-15.7.2.tgz",
			"integrity": "sha512-8QQikdH7//R2vurIJSutZ1smHYTcLpRWEOlHnzcWHmBYrOGUysKwSsrC89BCiFj3CbrfJ/nXFdJepOVrY1GCHQ==",
			"requires": {
				"loose-envify": "^1.4.0",
				"object-assign": "^4.1.1",
				"react-is": "^16.8.1"
			}
		},
		"react": {
			"version": "16.12.0",
			"resolved": "https://registry.npmjs.org/react/-/react-16.12.0.tgz",
			"integrity": "sha512-fglqy3k5E+81pA8s+7K0/T3DBCF0ZDOher1elBFzF7O6arXJgzyu/FW+COxFvAWXJoJN9KIZbT2LXlukwphYTA==",
			"requires": {
				"loose-envify": "^1.1.0",
				"object-assign": "^4.1.1",
				"prop-types": "^15.6.2"
			}
		},
		"react-dom": {
			"version": "16.12.0",
			"resolved": "https://registry.npmjs.org/react-dom/-/react-dom-16.12.0.tgz",
			"integrity": "sha512-LMxFfAGrcS3kETtQaCkTKjMiifahaMySFDn71fZUNpPHZQEzmk/GiAeIT8JSOrHB23fnuCOMruL2a8NYlw+8Gw==",
			"requires": {
				"loose-envify": "^1.1.0",
				"object-assign": "^4.1.1",
				"prop-types": "^15.6.2",
				"scheduler": "^0.18.0"
			}
		},
		"react-is": {
			"version": "16.12.0",
			"resolved": "https://registry.npmjs.org/react-is/-/react-is-16.12.0.tgz",
			"integrity": "sha512-rPCkf/mWBtKc97aLL9/txD8DZdemK0vkA3JMLShjlJB3Pj3s+lpf1KaBzMfQrAmhMQB0n1cU/SUGgKKBCe837Q=="
		},
		"redux": {
			"version": "4.0.5",
			"resolved": "https://registry.npmjs.org/redux/-/redux-4.0.5.tgz",
			"integrity": "sha512-VSz1uMAH24DM6MF72vcojpYPtrTUu3ByVWfPL1nPfVRb5mZVTve5GnNCUV53QM/BZ66xfWrm0CTWoM+Xlz8V1w==",
			"requires": {
				"loose-envify": "^1.4.0",
				"symbol-observable": "^1.2.0"
			}
		},
		"regenerator-runtime": {
			"version": "0.13.3",
			"resolved": "https://registry.npmjs.org/regenerator-runtime/-/regenerator-runtime-0.13.3.tgz",
			"integrity": "sha512-naKIZz2GQ8JWh///G7L3X6LaQUAMp2lvb1rvwwsURe/VXwD6VMfr+/1NuNw3ag8v2kY1aQ/go5SNn79O9JU7yw=="
		},
		"rungen": {
			"version": "0.3.2",
			"resolved": "https://registry.npmjs.org/rungen/-/rungen-0.3.2.tgz",
			"integrity": "sha1-QAwJ6+kU57F+C27zJjQA/Cq8fLM="
		},
		"scheduler": {
			"version": "0.18.0",
			"resolved": "https://registry.npmjs.org/scheduler/-/scheduler-0.18.0.tgz",
			"integrity": "sha512-agTSHR1Nbfi6ulI0kYNK0203joW2Y5W4po4l+v03tOoiJKpTBbxpNhWDvqc/4IcOw+KLmSiQLTasZ4cab2/UWQ==",
			"requires": {
				"loose-envify": "^1.1.0",
				"object-assign": "^4.1.1"
			}
		},
		"symbol-observable": {
			"version": "1.2.0",
			"resolved": "https://registry.npmjs.org/symbol-observable/-/symbol-observable-1.2.0.tgz",
			"integrity": "sha512-e900nM8RRtGhlV36KGEU9k65K3mPb1WV70OdjfxlG2EAuM1noi/E/BaW/uMhL7bPEssK8QV57vN3esixjUvcXQ=="
		},
		"turbo-combine-reducers": {
			"version": "1.0.2",
			"resolved": "https://registry.npmjs.org/turbo-combine-reducers/-/turbo-combine-reducers-1.0.2.tgz",
			"integrity": "sha512-gHbdMZlA6Ym6Ur5pSH/UWrNQMIM9IqTH6SoL1DbHpqEdQ8i+cFunSmSlFykPt0eGQwZ4d/XTHOl74H0/kFBVWw=="
		},
		"use-memo-one": {
			"version": "1.1.1",
			"resolved": "https://registry.npmjs.org/use-memo-one/-/use-memo-one-1.1.1.tgz",
			"integrity": "sha512-oFfsyun+bP7RX8X2AskHNTxu+R3QdE/RC5IefMbqptmACAA/gfol1KDD5KRzPsGMa62sWxGZw+Ui43u6x4ddoQ=="
		}
	}
}
